
Microsoft Visual Studio Solution File, Format Version 12.00
# Visual Studio Version 17
VisualStudioVersion = 17.0.31903.59
MinimumVisualStudioVersion = 10.0.40219.1
Project("{2150E333-8FDC-42A3-9474-1A3956D46DE8}") = "Examples", "Examples", "{B36A84DF-456D-A817-6EDD-3EC3E7F6E11F}"
EndProject
Project("{2150E333-8FDC-42A3-9474-1A3956D46DE8}") = "developer-guide", "developer-guide", "{4A939368-4DCB-2722-D2AD-2E6874654808}"
EndProject
Project("{F2A71F9B-5D33-465A-A702-920D77279786}") = "CopyTheCodeExample", "Examples\developer-guide\CopyTheCodeExample\CopyTheCodeExample.fsproj", "{F9699D62-99F8-437D-9C03-5F4671764856}"
EndProject
Project("{2150E333-8FDC-42A3-9474-1A3956D46DE8}") = "loading-source-documents", "loading-source-documents", "{5D5D058F-60FD-5C65-8321-6DE1A038CDB3}"
EndProject
Project("{F2A71F9B-5D33-465A-A702-920D77279786}") = "LoadFromFilePath", "Examples\developer-guide\loading-source-documents\LoadFromFilePath\LoadFromFilePath.fsproj", "{B26AE8AD-5ED9-4824-89E6-947AA8A1D5CB}"
EndProject
Project("{F2A71F9B-5D33-465A-A702-920D77279786}") = "LoadFromStream", "Examples\developer-guide\loading-source-documents\LoadFromStream\LoadFromStream.fsproj", "{0B6D4A6E-741F-4D3D-B9CE-43B78D91DF23}"
EndProject
Project("{F2A71F9B-5D33-465A-A702-920D77279786}") = "SetLoadOptions", "Examples\developer-guide\loading-source-documents\SetLoadOptions\SetLoadOptions.fsproj", "{78B3C50A-77DB-47E4-BD3D-D5793BA55E2E}"
EndProject
Project("{2150E333-8FDC-42A3-9474-1A3956D46DE8}") = "saving-converted-documents", "saving-converted-documents", "{790F45F8-A43B-718B-D6EE-53787ECADF6A}"
EndProject
Project("{F2A71F9B-5D33-465A-A702-920D77279786}") = "SaveToFilePath", "Examples\developer-guide\saving-converted-documents\SaveToFilePath\SaveToFilePath.fsproj", "{92F840BC-F6F4-4702-8023-C9CDCA47DB7C}"
EndProject
Project("{F2A71F9B-5D33-465A-A702-920D77279786}") = "SaveToStream", "Examples\developer-guide\saving-converted-documents\SaveToStream\SaveToStream.fsproj", "{C6B7EFA6-93A0-450E-B5B3-4A82B5EA4731}"
EndProject
Project("{F2A71F9B-5D33-465A-A702-920D77279786}") = "SetConvertOptions", "Examples\developer-guide\saving-converted-documents\SetConvertOptions\SetConvertOptions.fsproj", "{E9CF9E18-DEAD-4825-8043-68BFDDCDFB6D}"
EndProject
Project("{2150E333-8FDC-42A3-9474-1A3956D46DE8}") = "using-doc-to-pdf-converter", "using-doc-to-pdf-converter", "{D856872A-F916-9A27-5605-919117669D1D}"
EndProject
Project("{F2A71F9B-5D33-465A-A702-920D77279786}") = "BasicExample", "Examples\developer-guide\using-doc-to-pdf-converter\BasicExample\BasicExample.fsproj", "{14C731BD-0348-445E-B6A3-01DE61A52B8D}"
EndProject
Project("{F2A71F9B-5D33-465A-A702-920D77279786}") = "DocToPasswordProtectedPdf", "Examples\developer-guide\using-doc-to-pdf-converter\DocToPasswordProtectedPdf\DocToPasswordProtectedPdf.fsproj", "{BA778A96-87D8-4269-B665-9C15CC5E9017}"
EndProject
Project("{F2A71F9B-5D33-465A-A702-920D77279786}") = "DocToPdfaFormat", "Examples\developer-guide\using-doc-to-pdf-converter\DocToPdfaFormat\DocToPdfaFormat.fsproj", "{1E74F061-B3A3-4DFF-805D-49482C248454}"
EndProject
Project("{F2A71F9B-5D33-465A-A702-920D77279786}") = "DocWithCommentsToPdfWithoutComments", "Examples\developer-guide\using-doc-to-pdf-converter\DocWithCommentsToPdfWithoutComments\DocWithCommentsToPdfWithoutComments.fsproj", "{CD15781E-0749-4935-86C3-452CAB0621A3}"
EndProject
Project("{F2A71F9B-5D33-465A-A702-920D77279786}") = "DocWithTrackedChangesToPdf", "Examples\developer-guide\using-doc-to-pdf-converter\DocWithTrackedChangesToPdf\DocWithTrackedChangesToPdf.fsproj", "{0784BE97-E093-4D83-A8A5-9994EEB1E37C}"
EndProject
Project("{F2A71F9B-5D33-465A-A702-920D77279786}") = "ProtectedDocToPdf", "Examples\developer-guide\using-doc-to-pdf-converter\ProtectedDocToPdf\ProtectedDocToPdf.fsproj", "{4581926B-4571-491D-843B-48E62705F5F9}"
EndProject
Project("{F2A71F9B-5D33-465A-A702-920D77279786}") = "SpecificDocPagesToPdf", "Examples\developer-guide\using-doc-to-pdf-converter\SpecificDocPagesToPdf\SpecificDocPagesToPdf.fsproj", "{9D1ADCC1-0422-42A1-9652-FD9159273593}"
EndProject
Project("{2150E333-8FDC-42A3-9474-1A3956D46DE8}") = "using-docx-to-pdf-converter", "using-docx-to-pdf-converter", "{AF5FE4F4-D62E-7C17-2FB7-C4852F93726B}"
EndProject
Project("{F2A71F9B-5D33-465A-A702-920D77279786}") = "BasicExample", "Examples\developer-guide\using-docx-to-pdf-converter\BasicExample\BasicExample.fsproj", "{D93A236E-7612-4FB9-9A07-9D5479FFA9D7}"
EndProject
Project("{F2A71F9B-5D33-465A-A702-920D77279786}") = "DocxToPasswordProtectedPdf", "Examples\developer-guide\using-docx-to-pdf-converter\DocxToPasswordProtectedPdf\DocxToPasswordProtectedPdf.fsproj", "{318ACA8A-0FDB-4F08-B702-00C1BD54BE05}"
EndProject
Project("{F2A71F9B-5D33-465A-A702-920D77279786}") = "DocxWithCommentsToPdfWithoutComments", "Examples\developer-guide\using-docx-to-pdf-converter\DocxWithCommentsToPdfWithoutComments\DocxWithCommentsToPdfWithoutComments.fsproj", "{C8D2D40B-1757-4236-B591-3C371F2CB5BA}"
EndProject
Project("{F2A71F9B-5D33-465A-A702-920D77279786}") = "DocxWithTrackedChangesToPdf", "Examples\developer-guide\using-docx-to-pdf-converter\DocxWithTrackedChangesToPdf\DocxWithTrackedChangesToPdf.fsproj", "{E0218548-20C2-40BD-B756-C259B53D7E1F}"
EndProject
Project("{F2A71F9B-5D33-465A-A702-920D77279786}") = "ProtectedDocxToPdf", "Examples\developer-guide\using-docx-to-pdf-converter\ProtectedDocxToPdf\ProtectedDocxToPdf.fsproj", "{3F37F89D-49F3-4625-A6C0-7315D7DBDB88}"
EndProject
Project("{F2A71F9B-5D33-465A-A702-920D77279786}") = "SpecificDocxPagesToPdf", "Examples\developer-guide\using-docx-to-pdf-converter\SpecificDocxPagesToPdf\SpecificDocxPagesToPdf.fsproj", "{EAFB448C-DD57-4156-8213-2E129986B88B}"
EndProject
Project("{2150E333-8FDC-42A3-9474-1A3956D46DE8}") = "using-html-to-pdf-converter", "using-html-to-pdf-converter", "{77D06742-FB66-B180-877E-055C24BF00C1}"
EndProject
Project("{F2A71F9B-5D33-465A-A702-920D77279786}") = "BasicExample", "Examples\developer-guide\using-html-to-pdf-converter\BasicExample\BasicExample.fsproj", "{21A82AE6-6C07-4A25-BE98-61B8AC3EBC2A}"
EndProject
Project("{F2A71F9B-5D33-465A-A702-920D77279786}") = "HtmlToPasswordProtectedPdf", "Examples\developer-guide\using-html-to-pdf-converter\HtmlToPasswordProtectedPdf\HtmlToPasswordProtectedPdf.fsproj", "{2CEECBB5-3920-41F5-8ADC-32ED5F0986FF}"
EndProject
Project("{F2A71F9B-5D33-465A-A702-920D77279786}") = "HtmlToPdfWithSpecificPdfFormat", "Examples\developer-guide\using-html-to-pdf-converter\HtmlToPdfWithSpecificPdfFormat\HtmlToPdfWithSpecificPdfFormat.fsproj", "{CBF0ACFA-BF63-4764-85C5-70317128121D}"
EndProject
Project("{F2A71F9B-5D33-465A-A702-920D77279786}") = "HtmlWithCustomCssStyling", "Examples\developer-guide\using-html-to-pdf-converter\HtmlWithCustomCssStyling\HtmlWithCustomCssStyling.fsproj", "{1F459F93-9385-4144-829B-184501A24289}"
EndProject
Project("{F2A71F9B-5D33-465A-A702-920D77279786}") = "HtmlWithZoomLevel", "Examples\developer-guide\using-html-to-pdf-converter\HtmlWithZoomLevel\HtmlWithZoomLevel.fsproj", "{B2078A6B-D02E-480B-9829-56D7A29AD7C7}"
EndProject
Project("{F2A71F9B-5D33-465A-A702-920D77279786}") = "SkipExternalResourcesReferencedInHtml", "Examples\developer-guide\using-html-to-pdf-converter\SkipExternalResourcesReferencedInHtml\SkipExternalResourcesReferencedInHtml.fsproj", "{AD2CE80C-CDA7-40E6-A96B-C47036AC94B3}"
EndProject
Project("{2150E333-8FDC-42A3-9474-1A3956D46DE8}") = "using-pdf-to-docx-converter", "using-pdf-to-docx-converter", "{E55ABD09-0A2D-61ED-674E-49467F422D5F}"
EndProject
Project("{F2A71F9B-5D33-465A-A702-920D77279786}") = "BasicExample", "Examples\developer-guide\using-pdf-to-docx-converter\BasicExample\BasicExample.fsproj", "{8E8DA9E1-0A50-444A-8DB1-CF4F5C97AB8F}"
EndProject
Project("{F2A71F9B-5D33-465A-A702-920D77279786}") = "FlattenFieldsInFormFillablePdf", "Examples\developer-guide\using-pdf-to-docx-converter\FlattenFieldsInFormFillablePdf\FlattenFieldsInFormFillablePdf.fsproj", "{F5BB8A5C-2743-4CB2-A292-CD0F6BF5B479}"
EndProject
Project("{F2A71F9B-5D33-465A-A702-920D77279786}") = "PdfToDocxWithA4PageSize", "Examples\developer-guide\using-pdf-to-docx-converter\PdfToDocxWithA4PageSize\PdfToDocxWithA4PageSize.fsproj", "{ECE0E180-1182-4B16-B55B-2F6D381E4111}"
EndProject
Project("{F2A71F9B-5D33-465A-A702-920D77279786}") = "PdfToPasswordProtectedDocx", "Examples\developer-guide\using-pdf-to-docx-converter\PdfToPasswordProtectedDocx\PdfToPasswordProtectedDocx.fsproj", "{069F8384-4C65-4533-8F6A-9ECEA6254497}"
EndProject
Project("{F2A71F9B-5D33-465A-A702-920D77279786}") = "PdfWithAnnotationsToDocxWithoutAnnotations", "Examples\developer-guide\using-pdf-to-docx-converter\PdfWithAnnotationsToDocxWithoutAnnotations\PdfWithAnnotationsToDocxWithoutAnnotations.fsproj", "{F5BF711B-0BF6-4FE7-B82F-340276A2E715}"
EndProject
Project("{F2A71F9B-5D33-465A-A702-920D77279786}") = "ProtectedPdfToDocx", "Examples\developer-guide\using-pdf-to-docx-converter\ProtectedPdfToDocx\ProtectedPdfToDocx.fsproj", "{FF810C96-267B-4456-904F-ABAC36B21F94}"
EndProject
Project("{2150E333-8FDC-42A3-9474-1A3956D46DE8}") = "using-pdf-to-md-converter", "using-pdf-to-md-converter", "{BC91DC4C-7B9B-B9EC-EBA5-B32FD88F46AE}"
EndProject
Project("{F2A71F9B-5D33-465A-A702-920D77279786}") = "BasicExample", "Examples\developer-guide\using-pdf-to-md-converter\BasicExample\BasicExample.fsproj", "{886E36BC-74A0-4FCA-B036-1235ECE6B64E}"
EndProject
Project("{F2A71F9B-5D33-465A-A702-920D77279786}") = "FlattenFieldsInFormFillablePdf", "Examples\developer-guide\using-pdf-to-md-converter\FlattenFieldsInFormFillablePdf\FlattenFieldsInFormFillablePdf.fsproj", "{457EED8C-051C-4D2E-A654-A00E8DE466E8}"
EndProject
Project("{F2A71F9B-5D33-465A-A702-920D77279786}") = "PdfWithAnnotationsToMarkdownWithoutAnnotations", "Examples\developer-guide\using-pdf-to-md-converter\PdfWithAnnotationsToMarkdownWithoutAnnotations\PdfWithAnnotationsToMarkdownWithoutAnnotations.fsproj", "{938FB83E-68CC-46F4-ACF3-5C4DF67F1A60}"
EndProject
Project("{F2A71F9B-5D33-465A-A702-920D77279786}") = "ProtectedPdfToMarkdown", "Examples\developer-guide\using-pdf-to-md-converter\ProtectedPdfToMarkdown\ProtectedPdfToMarkdown.fsproj", "{B36AA3D2-D4F8-4F15-ABBA-67CEF459580D}"
EndProject
Project("{F2A71F9B-5D33-465A-A702-920D77279786}") = "SkipImagesWhenConvertingPdfToMarkdown", "Examples\developer-guide\using-pdf-to-md-converter\SkipImagesWhenConvertingPdfToMarkdown\SkipImagesWhenConvertingPdfToMarkdown.fsproj", "{00A9E4D3-93A0-4F8C-BFA5-3749C1215AB5}"
EndProject
Project("{2150E333-8FDC-42A3-9474-1A3956D46DE8}") = "using-pdf-to-pdfa-converter", "using-pdf-to-pdfa-converter", "{1B531C02-7D8E-0816-124D-1F7B88BD3157}"
EndProject
Project("{F2A71F9B-5D33-465A-A702-920D77279786}") = "BasicExample", "Examples\developer-guide\using-pdf-to-pdfa-converter\BasicExample\BasicExample.fsproj", "{0016EA28-30C7-42D8-9D78-12EF997DC11A}"
EndProject
Project("{F2A71F9B-5D33-465A-A702-920D77279786}") = "FlattenFieldsInFormFillablePdf", "Examples\developer-guide\using-pdf-to-pdfa-converter\FlattenFieldsInFormFillablePdf\FlattenFieldsInFormFillablePdf.fsproj", "{E6895AD1-BBB2-463B-B458-D3F3F0830578}"
EndProject
Project("{F2A71F9B-5D33-465A-A702-920D77279786}") = "PdfToPasswordProtectedPdfa", "Examples\developer-guide\using-pdf-to-pdfa-converter\PdfToPasswordProtectedPdfa\PdfToPasswordProtectedPdfa.fsproj", "{9D072E0E-5F7E-41B8-9922-257AE9BF0513}"
EndProject
Project("{F2A71F9B-5D33-465A-A702-920D77279786}") = "PdfWithAnnotationsToPdfaWithoutAnnotations", "Examples\developer-guide\using-pdf-to-pdfa-converter\PdfWithAnnotationsToPdfaWithoutAnnotations\PdfWithAnnotationsToPdfaWithoutAnnotations.fsproj", "{69187979-65E8-4335-A7EF-D2039A656AF5}"
EndProject
Project("{F2A71F9B-5D33-465A-A702-920D77279786}") = "ProtectedPdfToPdfa", "Examples\developer-guide\using-pdf-to-pdfa-converter\ProtectedPdfToPdfa\ProtectedPdfToPdfa.fsproj", "{1D66F555-80F6-430F-970C-F71FE7C674AE}"
EndProject
Project("{F2A71F9B-5D33-465A-A702-920D77279786}") = "SpecificPdfPagesToPdfa", "Examples\developer-guide\using-pdf-to-pdfa-converter\SpecificPdfPagesToPdfa\SpecificPdfPagesToPdfa.fsproj", "{03F29BC8-0503-445A-BFAB-D30716BC91F6}"
EndProject
Project("{2150E333-8FDC-42A3-9474-1A3956D46DE8}") = "using-ppt-to-pdf-converter", "using-ppt-to-pdf-converter", "{31E6C9ED-B259-828B-EDA3-A49D78EEE8B4}"
EndProject
Project("{F2A71F9B-5D33-465A-A702-920D77279786}") = "BasicExample", "Examples\developer-guide\using-ppt-to-pdf-converter\BasicExample\BasicExample.fsproj", "{918AEE8F-9E35-42CC-8DA6-066F1AA8F5FC}"
EndProject
Project("{F2A71F9B-5D33-465A-A702-920D77279786}") = "PptToPasswordProtectedPdf", "Examples\developer-guide\using-ppt-to-pdf-converter\PptToPasswordProtectedPdf\PptToPasswordProtectedPdf.fsproj", "{92AAD3C9-E413-44B5-8BAE-DAD785C89A9A}"
EndProject
Project("{F2A71F9B-5D33-465A-A702-920D77279786}") = "PptWithHiddenSlides", "Examples\developer-guide\using-ppt-to-pdf-converter\PptWithHiddenSlides\PptWithHiddenSlides.fsproj", "{93B8FB9D-2AD7-4127-BA20-5790D617F401}"
EndProject
Project("{F2A71F9B-5D33-465A-A702-920D77279786}") = "PptWithPreservedDocumentStructureForAccessiblePdf", "Examples\developer-guide\using-ppt-to-pdf-converter\PptWithPreservedDocumentStructureForAccessiblePdf\PptWithPreservedDocumentStructureForAccessiblePdf.fsproj", "{3704CD99-D9C1-431D-AA37-600735E30EB2}"
EndProject
Project("{F2A71F9B-5D33-465A-A702-920D77279786}") = "ProtectedPptToPdf", "Examples\developer-guide\using-ppt-to-pdf-converter\ProtectedPptToPdf\ProtectedPptToPdf.fsproj", "{D15CD34B-8BE4-4C93-AAD4-BD18DB1D527E}"
EndProject
Project("{F2A71F9B-5D33-465A-A702-920D77279786}") = "SpecificPptSlidesToPdf", "Examples\developer-guide\using-ppt-to-pdf-converter\SpecificPptSlidesToPdf\SpecificPptSlidesToPdf.fsproj", "{2571A5AC-CE61-467D-8CD5-A8DB7611B606}"
EndProject
Project("{2150E333-8FDC-42A3-9474-1A3956D46DE8}") = "using-pptx-to-pdf-converter", "using-pptx-to-pdf-converter", "{C8C2ADD4-A58C-B8B3-CCEE-A2EDBBFB9A33}"
EndProject
Project("{F2A71F9B-5D33-465A-A702-920D77279786}") = "BasicExample", "Examples\developer-guide\using-pptx-to-pdf-converter\BasicExample\BasicExample.fsproj", "{18BC2ED9-6EF5-41A7-9EE1-6332BC027E4C}"
EndProject
Project("{F2A71F9B-5D33-465A-A702-920D77279786}") = "PptxToPasswordProtectedPdf", "Examples\developer-guide\using-pptx-to-pdf-converter\PptxToPasswordProtectedPdf\PptxToPasswordProtectedPdf.fsproj", "{46BDC094-10A4-4A87-80B3-6C6EE7B982E9}"
EndProject
Project("{F2A71F9B-5D33-465A-A702-920D77279786}") = "PptxWithHiddenSlides", "Examples\developer-guide\using-pptx-to-pdf-converter\PptxWithHiddenSlides\PptxWithHiddenSlides.fsproj", "{4B0F7B5C-E4FA-42E9-90E5-FD0F056363CD}"
EndProject
Project("{F2A71F9B-5D33-465A-A702-920D77279786}") = "PreserveDocumentStructureForAccessiblePdf", "Examples\developer-guide\using-pptx-to-pdf-converter\PreserveDocumentStructureForAccessiblePdf\PreserveDocumentStructureForAccessiblePdf.fsproj", "{A08158EE-FD16-44E7-9161-81545BCDD379}"
EndProject
Project("{F2A71F9B-5D33-465A-A702-920D77279786}") = "ProtectedPptxToPdf", "Examples\developer-guide\using-pptx-to-pdf-converter\ProtectedPptxToPdf\ProtectedPptxToPdf.fsproj", "{EA93DF06-E104-4991-BBBD-95EEE33452D5}"
EndProject
Project("{F2A71F9B-5D33-465A-A702-920D77279786}") = "SpecificPptxSlidesToPdf", "Examples\developer-guide\using-pptx-to-pdf-converter\SpecificPptxSlidesToPdf\SpecificPptxSlidesToPdf.fsproj", "{F5467530-7D75-447A-9DE6-06A4B0496B89}"
EndProject
Project("{2150E333-8FDC-42A3-9474-1A3956D46DE8}") = "using-xls-to-pdf-converter", "using-xls-to-pdf-converter", "{36D8C42F-4FBD-FC5E-CC41-32D400E07243}"
EndProject
Project("{F2A71F9B-5D33-465A-A702-920D77279786}") = "BasicExample", "Examples\developer-guide\using-xls-to-pdf-converter\BasicExample\BasicExample.fsproj", "{5C6CB717-6E8E-4C17-9C9B-21A1D04EBBF4}"
EndProject
Project("{F2A71F9B-5D33-465A-A702-920D77279786}") = "ProtectedXlsToPdf", "Examples\developer-guide\using-xls-to-pdf-converter\ProtectedXlsToPdf\ProtectedXlsToPdf.fsproj", "{D03C46FD-B11C-42C6-877C-1040708E857C}"
EndProject
Project("{F2A71F9B-5D33-465A-A702-920D77279786}") = "SpecificSheetsFromXlsToPdf", "Examples\developer-guide\using-xls-to-pdf-converter\SpecificSheetsFromXlsToPdf\SpecificSheetsFromXlsToPdf.fsproj", "{DE07D0E0-7B62-458C-9A53-C8A680EA0D94}"
EndProject
Project("{F2A71F9B-5D33-465A-A702-920D77279786}") = "XlsToPasswordProtectedPdf", "Examples\developer-guide\using-xls-to-pdf-converter\XlsToPasswordProtectedPdf\XlsToPasswordProtectedPdf.fsproj", "{EBB831E6-33CD-4E39-AAEA-7377F6E8CE1A}"
EndProject
Project("{F2A71F9B-5D33-465A-A702-920D77279786}") = "XlsToPdfWithSpecificPdfFormat", "Examples\developer-guide\using-xls-to-pdf-converter\XlsToPdfWithSpecificPdfFormat\XlsToPdfWithSpecificPdfFormat.fsproj", "{10AACEAA-2431-4C2A-9DF4-20F9A8B3AB13}"
EndProject
Project("{F2A71F9B-5D33-465A-A702-920D77279786}") = "XlsWithHiddenSheets", "Examples\developer-guide\using-xls-to-pdf-converter\XlsWithHiddenSheets\XlsWithHiddenSheets.fsproj", "{1694BD8E-CB25-47B8-9DDE-E19B3219F51A}"
EndProject
Project("{2150E333-8FDC-42A3-9474-1A3956D46DE8}") = "using-xlsx-to-pdf-converter", "using-xlsx-to-pdf-converter", "{5FB87C89-69A7-7AD2-4675-8C09CA71E9F6}"
EndProject
Project("{F2A71F9B-5D33-465A-A702-920D77279786}") = "BasicExample", "Examples\developer-guide\using-xlsx-to-pdf-converter\BasicExample\BasicExample.fsproj", "{3A42F749-A67E-47D3-98F9-DD6DF9995C7B}"
EndProject
Project("{F2A71F9B-5D33-465A-A702-920D77279786}") = "ProtectedXlsxToPdf", "Examples\developer-guide\using-xlsx-to-pdf-converter\ProtectedXlsxToPdf\ProtectedXlsxToPdf.fsproj", "{30FC8043-E779-4348-A522-6854F5558873}"
EndProject
Project("{F2A71F9B-5D33-465A-A702-920D77279786}") = "SpecificSheetsFromXlsxToPdf", "Examples\developer-guide\using-xlsx-to-pdf-converter\SpecificSheetsFromXlsxToPdf\SpecificSheetsFromXlsxToPdf.fsproj", "{32EB5A82-CFC0-4B74-94F1-6EA9D56D0178}"
EndProject
Project("{F2A71F9B-5D33-465A-A702-920D77279786}") = "XlsxToPasswordProtectedPdf", "Examples\developer-guide\using-xlsx-to-pdf-converter\XlsxToPasswordProtectedPdf\XlsxToPasswordProtectedPdf.fsproj", "{AA12717C-3CD9-4B4E-9AE6-B0F0D79965D7}"
EndProject
Project("{F2A71F9B-5D33-465A-A702-920D77279786}") = "XlsxToPdfWithSpecificPdfFormat", "Examples\developer-guide\using-xlsx-to-pdf-converter\XlsxToPdfWithSpecificPdfFormat\XlsxToPdfWithSpecificPdfFormat.fsproj", "{1BC91205-70C5-4E43-8325-867ABF4E3C4F}"
EndProject
Project("{F2A71F9B-5D33-465A-A702-920D77279786}") = "XlsxWithHiddenSheetsToPdf", "Examples\developer-guide\using-xlsx-to-pdf-converter\XlsxWithHiddenSheetsToPdf\XlsxWithHiddenSheetsToPdf.fsproj", "{FF96576A-07EB-49FE-93B1-1519116DBCD5}"
EndProject
Project("{2150E333-8FDC-42A3-9474-1A3956D46DE8}") = "licensing", "licensing", "{D8C81624-966F-D06E-07AA-5A5CEE056E83}"
EndProject
Project("{F2A71F9B-5D33-465A-A702-920D77279786}") = "SetLicenseFromFile", "Examples\licensing\SetLicenseFromFile\SetLicenseFromFile.fsproj", "{2221044C-D052-4E5F-934F-B255CD94422D}"
EndProject
Project("{F2A71F9B-5D33-465A-A702-920D77279786}") = "SetLicenseKeys", "Examples\licensing\SetLicenseKeys\SetLicenseKeys.fsproj", "{839D051F-7D6E-4F2E-AB27-D0DC4BCAB5FA}"
EndProject
Global
	GlobalSection(SolutionConfigurationPlatforms) = preSolution
		Debug|Any CPU = Debug|Any CPU
		Debug|x64 = Debug|x64
		Debug|x86 = Debug|x86
		Release|Any CPU = Release|Any CPU
		Release|x64 = Release|x64
		Release|x86 = Release|x86
	EndGlobalSection
	GlobalSection(ProjectConfigurationPlatforms) = postSolution
		{F9699D62-99F8-437D-9C03-5F4671764856}.Debug|Any CPU.ActiveCfg = Debug|Any CPU
		{F9699D62-99F8-437D-9C03-5F4671764856}.Debug|Any CPU.Build.0 = Debug|Any CPU
		{F9699D62-99F8-437D-9C03-5F4671764856}.Debug|x64.ActiveCfg = Debug|Any CPU
		{F9699D62-99F8-437D-9C03-5F4671764856}.Debug|x64.Build.0 = Debug|Any CPU
		{F9699D62-99F8-437D-9C03-5F4671764856}.Debug|x86.ActiveCfg = Debug|Any CPU
		{F9699D62-99F8-437D-9C03-5F4671764856}.Debug|x86.Build.0 = Debug|Any CPU
		{F9699D62-99F8-437D-9C03-5F4671764856}.Release|Any CPU.ActiveCfg = Release|Any CPU
		{F9699D62-99F8-437D-9C03-5F4671764856}.Release|Any CPU.Build.0 = Release|Any CPU
		{F9699D62-99F8-437D-9C03-5F4671764856}.Release|x64.ActiveCfg = Release|Any CPU
		{F9699D62-99F8-437D-9C03-5F4671764856}.Release|x64.Build.0 = Release|Any CPU
		{F9699D62-99F8-437D-9C03-5F4671764856}.Release|x86.ActiveCfg = Release|Any CPU
		{F9699D62-99F8-437D-9C03-5F4671764856}.Release|x86.Build.0 = Release|Any CPU
		{B26AE8AD-5ED9-4824-89E6-947AA8A1D5CB}.Debug|Any CPU.ActiveCfg = Debug|Any CPU
		{B26AE8AD-5ED9-4824-89E6-947AA8A1D5CB}.Debug|Any CPU.Build.0 = Debug|Any CPU
		{B26AE8AD-5ED9-4824-89E6-947AA8A1D5CB}.Debug|x64.ActiveCfg = Debug|Any CPU
		{B26AE8AD-5ED9-4824-89E6-947AA8A1D5CB}.Debug|x64.Build.0 = Debug|Any CPU
		{B26AE8AD-5ED9-4824-89E6-947AA8A1D5CB}.Debug|x86.ActiveCfg = Debug|Any CPU
		{B26AE8AD-5ED9-4824-89E6-947AA8A1D5CB}.Debug|x86.Build.0 = Debug|Any CPU
		{B26AE8AD-5ED9-4824-89E6-947AA8A1D5CB}.Release|Any CPU.ActiveCfg = Release|Any CPU
		{B26AE8AD-5ED9-4824-89E6-947AA8A1D5CB}.Release|Any CPU.Build.0 = Release|Any CPU
		{B26AE8AD-5ED9-4824-89E6-947AA8A1D5CB}.Release|x64.ActiveCfg = Release|Any CPU
		{B26AE8AD-5ED9-4824-89E6-947AA8A1D5CB}.Release|x64.Build.0 = Release|Any CPU
		{B26AE8AD-5ED9-4824-89E6-947AA8A1D5CB}.Release|x86.ActiveCfg = Release|Any CPU
		{B26AE8AD-5ED9-4824-89E6-947AA8A1D5CB}.Release|x86.Build.0 = Release|Any CPU
		{0B6D4A6E-741F-4D3D-B9CE-43B78D91DF23}.Debug|Any CPU.ActiveCfg = Debug|Any CPU
		{0B6D4A6E-741F-4D3D-B9CE-43B78D91DF23}.Debug|Any CPU.Build.0 = Debug|Any CPU
		{0B6D4A6E-741F-4D3D-B9CE-43B78D91DF23}.Debug|x64.ActiveCfg = Debug|Any CPU
		{0B6D4A6E-741F-4D3D-B9CE-43B78D91DF23}.Debug|x64.Build.0 = Debug|Any CPU
		{0B6D4A6E-741F-4D3D-B9CE-43B78D91DF23}.Debug|x86.ActiveCfg = Debug|Any CPU
		{0B6D4A6E-741F-4D3D-B9CE-43B78D91DF23}.Debug|x86.Build.0 = Debug|Any CPU
		{0B6D4A6E-741F-4D3D-B9CE-43B78D91DF23}.Release|Any CPU.ActiveCfg = Release|Any CPU
		{0B6D4A6E-741F-4D3D-B9CE-43B78D91DF23}.Release|Any CPU.Build.0 = Release|Any CPU
		{0B6D4A6E-741F-4D3D-B9CE-43B78D91DF23}.Release|x64.ActiveCfg = Release|Any CPU
		{0B6D4A6E-741F-4D3D-B9CE-43B78D91DF23}.Release|x64.Build.0 = Release|Any CPU
		{0B6D4A6E-741F-4D3D-B9CE-43B78D91DF23}.Release|x86.ActiveCfg = Release|Any CPU
		{0B6D4A6E-741F-4D3D-B9CE-43B78D91DF23}.Release|x86.Build.0 = Release|Any CPU
		{78B3C50A-77DB-47E4-BD3D-D5793BA55E2E}.Debug|Any CPU.ActiveCfg = Debug|Any CPU
		{78B3C50A-77DB-47E4-BD3D-D5793BA55E2E}.Debug|Any CPU.Build.0 = Debug|Any CPU
		{78B3C50A-77DB-47E4-BD3D-D5793BA55E2E}.Debug|x64.ActiveCfg = Debug|Any CPU
		{78B3C50A-77DB-47E4-BD3D-D5793BA55E2E}.Debug|x64.Build.0 = Debug|Any CPU
		{78B3C50A-77DB-47E4-BD3D-D5793BA55E2E}.Debug|x86.ActiveCfg = Debug|Any CPU
		{78B3C50A-77DB-47E4-BD3D-D5793BA55E2E}.Debug|x86.Build.0 = Debug|Any CPU
		{78B3C50A-77DB-47E4-BD3D-D5793BA55E2E}.Release|Any CPU.ActiveCfg = Release|Any CPU
		{78B3C50A-77DB-47E4-BD3D-D5793BA55E2E}.Release|Any CPU.Build.0 = Release|Any CPU
		{78B3C50A-77DB-47E4-BD3D-D5793BA55E2E}.Release|x64.ActiveCfg = Release|Any CPU
		{78B3C50A-77DB-47E4-BD3D-D5793BA55E2E}.Release|x64.Build.0 = Release|Any CPU
		{78B3C50A-77DB-47E4-BD3D-D5793BA55E2E}.Release|x86.ActiveCfg = Release|Any CPU
		{78B3C50A-77DB-47E4-BD3D-D5793BA55E2E}.Release|x86.Build.0 = Release|Any CPU
		{92F840BC-F6F4-4702-8023-C9CDCA47DB7C}.Debug|Any CPU.ActiveCfg = Debug|Any CPU
		{92F840BC-F6F4-4702-8023-C9CDCA47DB7C}.Debug|Any CPU.Build.0 = Debug|Any CPU
		{92F840BC-F6F4-4702-8023-C9CDCA47DB7C}.Debug|x64.ActiveCfg = Debug|Any CPU
		{92F840BC-F6F4-4702-8023-C9CDCA47DB7C}.Debug|x64.Build.0 = Debug|Any CPU
		{92F840BC-F6F4-4702-8023-C9CDCA47DB7C}.Debug|x86.ActiveCfg = Debug|Any CPU
		{92F840BC-F6F4-4702-8023-C9CDCA47DB7C}.Debug|x86.Build.0 = Debug|Any CPU
		{92F840BC-F6F4-4702-8023-C9CDCA47DB7C}.Release|Any CPU.ActiveCfg = Release|Any CPU
		{92F840BC-F6F4-4702-8023-C9CDCA47DB7C}.Release|Any CPU.Build.0 = Release|Any CPU
		{92F840BC-F6F4-4702-8023-C9CDCA47DB7C}.Release|x64.ActiveCfg = Release|Any CPU
		{92F840BC-F6F4-4702-8023-C9CDCA47DB7C}.Release|x64.Build.0 = Release|Any CPU
		{92F840BC-F6F4-4702-8023-C9CDCA47DB7C}.Release|x86.ActiveCfg = Release|Any CPU
		{92F840BC-F6F4-4702-8023-C9CDCA47DB7C}.Release|x86.Build.0 = Release|Any CPU
		{C6B7EFA6-93A0-450E-B5B3-4A82B5EA4731}.Debug|Any CPU.ActiveCfg = Debug|Any CPU
		{C6B7EFA6-93A0-450E-B5B3-4A82B5EA4731}.Debug|Any CPU.Build.0 = Debug|Any CPU
		{C6B7EFA6-93A0-450E-B5B3-4A82B5EA4731}.Debug|x64.ActiveCfg = Debug|Any CPU
		{C6B7EFA6-93A0-450E-B5B3-4A82B5EA4731}.Debug|x64.Build.0 = Debug|Any CPU
		{C6B7EFA6-93A0-450E-B5B3-4A82B5EA4731}.Debug|x86.ActiveCfg = Debug|Any CPU
		{C6B7EFA6-93A0-450E-B5B3-4A82B5EA4731}.Debug|x86.Build.0 = Debug|Any CPU
		{C6B7EFA6-93A0-450E-B5B3-4A82B5EA4731}.Release|Any CPU.ActiveCfg = Release|Any CPU
		{C6B7EFA6-93A0-450E-B5B3-4A82B5EA4731}.Release|Any CPU.Build.0 = Release|Any CPU
		{C6B7EFA6-93A0-450E-B5B3-4A82B5EA4731}.Release|x64.ActiveCfg = Release|Any CPU
		{C6B7EFA6-93A0-450E-B5B3-4A82B5EA4731}.Release|x64.Build.0 = Release|Any CPU
		{C6B7EFA6-93A0-450E-B5B3-4A82B5EA4731}.Release|x86.ActiveCfg = Release|Any CPU
		{C6B7EFA6-93A0-450E-B5B3-4A82B5EA4731}.Release|x86.Build.0 = Release|Any CPU
		{E9CF9E18-DEAD-4825-8043-68BFDDCDFB6D}.Debug|Any CPU.ActiveCfg = Debug|Any CPU
		{E9CF9E18-DEAD-4825-8043-68BFDDCDFB6D}.Debug|Any CPU.Build.0 = Debug|Any CPU
		{E9CF9E18-DEAD-4825-8043-68BFDDCDFB6D}.Debug|x64.ActiveCfg = Debug|Any CPU
		{E9CF9E18-DEAD-4825-8043-68BFDDCDFB6D}.Debug|x64.Build.0 = Debug|Any CPU
		{E9CF9E18-DEAD-4825-8043-68BFDDCDFB6D}.Debug|x86.ActiveCfg = Debug|Any CPU
		{E9CF9E18-DEAD-4825-8043-68BFDDCDFB6D}.Debug|x86.Build.0 = Debug|Any CPU
		{E9CF9E18-DEAD-4825-8043-68BFDDCDFB6D}.Release|Any CPU.ActiveCfg = Release|Any CPU
		{E9CF9E18-DEAD-4825-8043-68BFDDCDFB6D}.Release|Any CPU.Build.0 = Release|Any CPU
		{E9CF9E18-DEAD-4825-8043-68BFDDCDFB6D}.Release|x64.ActiveCfg = Release|Any CPU
		{E9CF9E18-DEAD-4825-8043-68BFDDCDFB6D}.Release|x64.Build.0 = Release|Any CPU
		{E9CF9E18-DEAD-4825-8043-68BFDDCDFB6D}.Release|x86.ActiveCfg = Release|Any CPU
		{E9CF9E18-DEAD-4825-8043-68BFDDCDFB6D}.Release|x86.Build.0 = Release|Any CPU
		{14C731BD-0348-445E-B6A3-01DE61A52B8D}.Debug|Any CPU.ActiveCfg = Debug|Any CPU
		{14C731BD-0348-445E-B6A3-01DE61A52B8D}.Debug|Any CPU.Build.0 = Debug|Any CPU
		{14C731BD-0348-445E-B6A3-01DE61A52B8D}.Debug|x64.ActiveCfg = Debug|Any CPU
		{14C731BD-0348-445E-B6A3-01DE61A52B8D}.Debug|x64.Build.0 = Debug|Any CPU
		{14C731BD-0348-445E-B6A3-01DE61A52B8D}.Debug|x86.ActiveCfg = Debug|Any CPU
		{14C731BD-0348-445E-B6A3-01DE61A52B8D}.Debug|x86.Build.0 = Debug|Any CPU
		{14C731BD-0348-445E-B6A3-01DE61A52B8D}.Release|Any CPU.ActiveCfg = Release|Any CPU
		{14C731BD-0348-445E-B6A3-01DE61A52B8D}.Release|Any CPU.Build.0 = Release|Any CPU
		{14C731BD-0348-445E-B6A3-01DE61A52B8D}.Release|x64.ActiveCfg = Release|Any CPU
		{14C731BD-0348-445E-B6A3-01DE61A52B8D}.Release|x64.Build.0 = Release|Any CPU
		{14C731BD-0348-445E-B6A3-01DE61A52B8D}.Release|x86.ActiveCfg = Release|Any CPU
		{14C731BD-0348-445E-B6A3-01DE61A52B8D}.Release|x86.Build.0 = Release|Any CPU
		{BA778A96-87D8-4269-B665-9C15CC5E9017}.Debug|Any CPU.ActiveCfg = Debug|Any CPU
		{BA778A96-87D8-4269-B665-9C15CC5E9017}.Debug|Any CPU.Build.0 = Debug|Any CPU
		{BA778A96-87D8-4269-B665-9C15CC5E9017}.Debug|x64.ActiveCfg = Debug|Any CPU
		{BA778A96-87D8-4269-B665-9C15CC5E9017}.Debug|x64.Build.0 = Debug|Any CPU
		{BA778A96-87D8-4269-B665-9C15CC5E9017}.Debug|x86.ActiveCfg = Debug|Any CPU
		{BA778A96-87D8-4269-B665-9C15CC5E9017}.Debug|x86.Build.0 = Debug|Any CPU
		{BA778A96-87D8-4269-B665-9C15CC5E9017}.Release|Any CPU.ActiveCfg = Release|Any CPU
		{BA778A96-87D8-4269-B665-9C15CC5E9017}.Release|Any CPU.Build.0 = Release|Any CPU
		{BA778A96-87D8-4269-B665-9C15CC5E9017}.Release|x64.ActiveCfg = Release|Any CPU
		{BA778A96-87D8-4269-B665-9C15CC5E9017}.Release|x64.Build.0 = Release|Any CPU
		{BA778A96-87D8-4269-B665-9C15CC5E9017}.Release|x86.ActiveCfg = Release|Any CPU
		{BA778A96-87D8-4269-B665-9C15CC5E9017}.Release|x86.Build.0 = Release|Any CPU
		{1E74F061-B3A3-4DFF-805D-49482C248454}.Debug|Any CPU.ActiveCfg = Debug|Any CPU
		{1E74F061-B3A3-4DFF-805D-49482C248454}.Debug|Any CPU.Build.0 = Debug|Any CPU
		{1E74F061-B3A3-4DFF-805D-49482C248454}.Debug|x64.ActiveCfg = Debug|Any CPU
		{1E74F061-B3A3-4DFF-805D-49482C248454}.Debug|x64.Build.0 = Debug|Any CPU
		{1E74F061-B3A3-4DFF-805D-49482C248454}.Debug|x86.ActiveCfg = Debug|Any CPU
		{1E74F061-B3A3-4DFF-805D-49482C248454}.Debug|x86.Build.0 = Debug|Any CPU
		{1E74F061-B3A3-4DFF-805D-49482C248454}.Release|Any CPU.ActiveCfg = Release|Any CPU
		{1E74F061-B3A3-4DFF-805D-49482C248454}.Release|Any CPU.Build.0 = Release|Any CPU
		{1E74F061-B3A3-4DFF-805D-49482C248454}.Release|x64.ActiveCfg = Release|Any CPU
		{1E74F061-B3A3-4DFF-805D-49482C248454}.Release|x64.Build.0 = Release|Any CPU
		{1E74F061-B3A3-4DFF-805D-49482C248454}.Release|x86.ActiveCfg = Release|Any CPU
		{1E74F061-B3A3-4DFF-805D-49482C248454}.Release|x86.Build.0 = Release|Any CPU
		{CD15781E-0749-4935-86C3-452CAB0621A3}.Debug|Any CPU.ActiveCfg = Debug|Any CPU
		{CD15781E-0749-4935-86C3-452CAB0621A3}.Debug|Any CPU.Build.0 = Debug|Any CPU
		{CD15781E-0749-4935-86C3-452CAB0621A3}.Debug|x64.ActiveCfg = Debug|Any CPU
		{CD15781E-0749-4935-86C3-452CAB0621A3}.Debug|x64.Build.0 = Debug|Any CPU
		{CD15781E-0749-4935-86C3-452CAB0621A3}.Debug|x86.ActiveCfg = Debug|Any CPU
		{CD15781E-0749-4935-86C3-452CAB0621A3}.Debug|x86.Build.0 = Debug|Any CPU
		{CD15781E-0749-4935-86C3-452CAB0621A3}.Release|Any CPU.ActiveCfg = Release|Any CPU
		{CD15781E-0749-4935-86C3-452CAB0621A3}.Release|Any CPU.Build.0 = Release|Any CPU
		{CD15781E-0749-4935-86C3-452CAB0621A3}.Release|x64.ActiveCfg = Release|Any CPU
		{CD15781E-0749-4935-86C3-452CAB0621A3}.Release|x64.Build.0 = Release|Any CPU
		{CD15781E-0749-4935-86C3-452CAB0621A3}.Release|x86.ActiveCfg = Release|Any CPU
		{CD15781E-0749-4935-86C3-452CAB0621A3}.Release|x86.Build.0 = Release|Any CPU
		{0784BE97-E093-4D83-A8A5-9994EEB1E37C}.Debug|Any CPU.ActiveCfg = Debug|Any CPU
		{0784BE97-E093-4D83-A8A5-9994EEB1E37C}.Debug|Any CPU.Build.0 = Debug|Any CPU
		{0784BE97-E093-4D83-A8A5-9994EEB1E37C}.Debug|x64.ActiveCfg = Debug|Any CPU
		{0784BE97-E093-4D83-A8A5-9994EEB1E37C}.Debug|x64.Build.0 = Debug|Any CPU
		{0784BE97-E093-4D83-A8A5-9994EEB1E37C}.Debug|x86.ActiveCfg = Debug|Any CPU
		{0784BE97-E093-4D83-A8A5-9994EEB1E37C}.Debug|x86.Build.0 = Debug|Any CPU
		{0784BE97-E093-4D83-A8A5-9994EEB1E37C}.Release|Any CPU.ActiveCfg = Release|Any CPU
		{0784BE97-E093-4D83-A8A5-9994EEB1E37C}.Release|Any CPU.Build.0 = Release|Any CPU
		{0784BE97-E093-4D83-A8A5-9994EEB1E37C}.Release|x64.ActiveCfg = Release|Any CPU
		{0784BE97-E093-4D83-A8A5-9994EEB1E37C}.Release|x64.Build.0 = Release|Any CPU
		{0784BE97-E093-4D83-A8A5-9994EEB1E37C}.Release|x86.ActiveCfg = Release|Any CPU
		{0784BE97-E093-4D83-A8A5-9994EEB1E37C}.Release|x86.Build.0 = Release|Any CPU
		{4581926B-4571-491D-843B-48E62705F5F9}.Debug|Any CPU.ActiveCfg = Debug|Any CPU
		{4581926B-4571-491D-843B-48E62705F5F9}.Debug|Any CPU.Build.0 = Debug|Any CPU
		{4581926B-4571-491D-843B-48E62705F5F9}.Debug|x64.ActiveCfg = Debug|Any CPU
		{4581926B-4571-491D-843B-48E62705F5F9}.Debug|x64.Build.0 = Debug|Any CPU
		{4581926B-4571-491D-843B-48E62705F5F9}.Debug|x86.ActiveCfg = Debug|Any CPU
		{4581926B-4571-491D-843B-48E62705F5F9}.Debug|x86.Build.0 = Debug|Any CPU
		{4581926B-4571-491D-843B-48E62705F5F9}.Release|Any CPU.ActiveCfg = Release|Any CPU
		{4581926B-4571-491D-843B-48E62705F5F9}.Release|Any CPU.Build.0 = Release|Any CPU
		{4581926B-4571-491D-843B-48E62705F5F9}.Release|x64.ActiveCfg = Release|Any CPU
		{4581926B-4571-491D-843B-48E62705F5F9}.Release|x64.Build.0 = Release|Any CPU
		{4581926B-4571-491D-843B-48E62705F5F9}.Release|x86.ActiveCfg = Release|Any CPU
		{4581926B-4571-491D-843B-48E62705F5F9}.Release|x86.Build.0 = Release|Any CPU
		{9D1ADCC1-0422-42A1-9652-FD9159273593}.Debug|Any CPU.ActiveCfg = Debug|Any CPU
		{9D1ADCC1-0422-42A1-9652-FD9159273593}.Debug|Any CPU.Build.0 = Debug|Any CPU
		{9D1ADCC1-0422-42A1-9652-FD9159273593}.Debug|x64.ActiveCfg = Debug|Any CPU
		{9D1ADCC1-0422-42A1-9652-FD9159273593}.Debug|x64.Build.0 = Debug|Any CPU
		{9D1ADCC1-0422-42A1-9652-FD9159273593}.Debug|x86.ActiveCfg = Debug|Any CPU
		{9D1ADCC1-0422-42A1-9652-FD9159273593}.Debug|x86.Build.0 = Debug|Any CPU
		{9D1ADCC1-0422-42A1-9652-FD9159273593}.Release|Any CPU.ActiveCfg = Release|Any CPU
		{9D1ADCC1-0422-42A1-9652-FD9159273593}.Release|Any CPU.Build.0 = Release|Any CPU
		{9D1ADCC1-0422-42A1-9652-FD9159273593}.Release|x64.ActiveCfg = Release|Any CPU
		{9D1ADCC1-0422-42A1-9652-FD9159273593}.Release|x64.Build.0 = Release|Any CPU
		{9D1ADCC1-0422-42A1-9652-FD9159273593}.Release|x86.ActiveCfg = Release|Any CPU
		{9D1ADCC1-0422-42A1-9652-FD9159273593}.Release|x86.Build.0 = Release|Any CPU
		{D93A236E-7612-4FB9-9A07-9D5479FFA9D7}.Debug|Any CPU.ActiveCfg = Debug|Any CPU
		{D93A236E-7612-4FB9-9A07-9D5479FFA9D7}.Debug|Any CPU.Build.0 = Debug|Any CPU
		{D93A236E-7612-4FB9-9A07-9D5479FFA9D7}.Debug|x64.ActiveCfg = Debug|Any CPU
		{D93A236E-7612-4FB9-9A07-9D5479FFA9D7}.Debug|x64.Build.0 = Debug|Any CPU
		{D93A236E-7612-4FB9-9A07-9D5479FFA9D7}.Debug|x86.ActiveCfg = Debug|Any CPU
		{D93A236E-7612-4FB9-9A07-9D5479FFA9D7}.Debug|x86.Build.0 = Debug|Any CPU
		{D93A236E-7612-4FB9-9A07-9D5479FFA9D7}.Release|Any CPU.ActiveCfg = Release|Any CPU
		{D93A236E-7612-4FB9-9A07-9D5479FFA9D7}.Release|Any CPU.Build.0 = Release|Any CPU
		{D93A236E-7612-4FB9-9A07-9D5479FFA9D7}.Release|x64.ActiveCfg = Release|Any CPU
		{D93A236E-7612-4FB9-9A07-9D5479FFA9D7}.Release|x64.Build.0 = Release|Any CPU
		{D93A236E-7612-4FB9-9A07-9D5479FFA9D7}.Release|x86.ActiveCfg = Release|Any CPU
		{D93A236E-7612-4FB9-9A07-9D5479FFA9D7}.Release|x86.Build.0 = Release|Any CPU
		{318ACA8A-0FDB-4F08-B702-00C1BD54BE05}.Debug|Any CPU.ActiveCfg = Debug|Any CPU
		{318ACA8A-0FDB-4F08-B702-00C1BD54BE05}.Debug|Any CPU.Build.0 = Debug|Any CPU
		{318ACA8A-0FDB-4F08-B702-00C1BD54BE05}.Debug|x64.ActiveCfg = Debug|Any CPU
		{318ACA8A-0FDB-4F08-B702-00C1BD54BE05}.Debug|x64.Build.0 = Debug|Any CPU
		{318ACA8A-0FDB-4F08-B702-00C1BD54BE05}.Debug|x86.ActiveCfg = Debug|Any CPU
		{318ACA8A-0FDB-4F08-B702-00C1BD54BE05}.Debug|x86.Build.0 = Debug|Any CPU
		{318ACA8A-0FDB-4F08-B702-00C1BD54BE05}.Release|Any CPU.ActiveCfg = Release|Any CPU
		{318ACA8A-0FDB-4F08-B702-00C1BD54BE05}.Release|Any CPU.Build.0 = Release|Any CPU
		{318ACA8A-0FDB-4F08-B702-00C1BD54BE05}.Release|x64.ActiveCfg = Release|Any CPU
		{318ACA8A-0FDB-4F08-B702-00C1BD54BE05}.Release|x64.Build.0 = Release|Any CPU
		{318ACA8A-0FDB-4F08-B702-00C1BD54BE05}.Release|x86.ActiveCfg = Release|Any CPU
		{318ACA8A-0FDB-4F08-B702-00C1BD54BE05}.Release|x86.Build.0 = Release|Any CPU
		{C8D2D40B-1757-4236-B591-3C371F2CB5BA}.Debug|Any CPU.ActiveCfg = Debug|Any CPU
		{C8D2D40B-1757-4236-B591-3C371F2CB5BA}.Debug|Any CPU.Build.0 = Debug|Any CPU
		{C8D2D40B-1757-4236-B591-3C371F2CB5BA}.Debug|x64.ActiveCfg = Debug|Any CPU
		{C8D2D40B-1757-4236-B591-3C371F2CB5BA}.Debug|x64.Build.0 = Debug|Any CPU
		{C8D2D40B-1757-4236-B591-3C371F2CB5BA}.Debug|x86.ActiveCfg = Debug|Any CPU
		{C8D2D40B-1757-4236-B591-3C371F2CB5BA}.Debug|x86.Build.0 = Debug|Any CPU
		{C8D2D40B-1757-4236-B591-3C371F2CB5BA}.Release|Any CPU.ActiveCfg = Release|Any CPU
		{C8D2D40B-1757-4236-B591-3C371F2CB5BA}.Release|Any CPU.Build.0 = Release|Any CPU
		{C8D2D40B-1757-4236-B591-3C371F2CB5BA}.Release|x64.ActiveCfg = Release|Any CPU
		{C8D2D40B-1757-4236-B591-3C371F2CB5BA}.Release|x64.Build.0 = Release|Any CPU
		{C8D2D40B-1757-4236-B591-3C371F2CB5BA}.Release|x86.ActiveCfg = Release|Any CPU
		{C8D2D40B-1757-4236-B591-3C371F2CB5BA}.Release|x86.Build.0 = Release|Any CPU
		{E0218548-20C2-40BD-B756-C259B53D7E1F}.Debug|Any CPU.ActiveCfg = Debug|Any CPU
		{E0218548-20C2-40BD-B756-C259B53D7E1F}.Debug|Any CPU.Build.0 = Debug|Any CPU
		{E0218548-20C2-40BD-B756-C259B53D7E1F}.Debug|x64.ActiveCfg = Debug|Any CPU
		{E0218548-20C2-40BD-B756-C259B53D7E1F}.Debug|x64.Build.0 = Debug|Any CPU
		{E0218548-20C2-40BD-B756-C259B53D7E1F}.Debug|x86.ActiveCfg = Debug|Any CPU
		{E0218548-20C2-40BD-B756-C259B53D7E1F}.Debug|x86.Build.0 = Debug|Any CPU
		{E0218548-20C2-40BD-B756-C259B53D7E1F}.Release|Any CPU.ActiveCfg = Release|Any CPU
		{E0218548-20C2-40BD-B756-C259B53D7E1F}.Release|Any CPU.Build.0 = Release|Any CPU
		{E0218548-20C2-40BD-B756-C259B53D7E1F}.Release|x64.ActiveCfg = Release|Any CPU
		{E0218548-20C2-40BD-B756-C259B53D7E1F}.Release|x64.Build.0 = Release|Any CPU
		{E0218548-20C2-40BD-B756-C259B53D7E1F}.Release|x86.ActiveCfg = Release|Any CPU
		{E0218548-20C2-40BD-B756-C259B53D7E1F}.Release|x86.Build.0 = Release|Any CPU
		{3F37F89D-49F3-4625-A6C0-7315D7DBDB88}.Debug|Any CPU.ActiveCfg = Debug|Any CPU
		{3F37F89D-49F3-4625-A6C0-7315D7DBDB88}.Debug|Any CPU.Build.0 = Debug|Any CPU
		{3F37F89D-49F3-4625-A6C0-7315D7DBDB88}.Debug|x64.ActiveCfg = Debug|Any CPU
		{3F37F89D-49F3-4625-A6C0-7315D7DBDB88}.Debug|x64.Build.0 = Debug|Any CPU
		{3F37F89D-49F3-4625-A6C0-7315D7DBDB88}.Debug|x86.ActiveCfg = Debug|Any CPU
		{3F37F89D-49F3-4625-A6C0-7315D7DBDB88}.Debug|x86.Build.0 = Debug|Any CPU
		{3F37F89D-49F3-4625-A6C0-7315D7DBDB88}.Release|Any CPU.ActiveCfg = Release|Any CPU
		{3F37F89D-49F3-4625-A6C0-7315D7DBDB88}.Release|Any CPU.Build.0 = Release|Any CPU
		{3F37F89D-49F3-4625-A6C0-7315D7DBDB88}.Release|x64.ActiveCfg = Release|Any CPU
		{3F37F89D-49F3-4625-A6C0-7315D7DBDB88}.Release|x64.Build.0 = Release|Any CPU
		{3F37F89D-49F3-4625-A6C0-7315D7DBDB88}.Release|x86.ActiveCfg = Release|Any CPU
		{3F37F89D-49F3-4625-A6C0-7315D7DBDB88}.Release|x86.Build.0 = Release|Any CPU
		{EAFB448C-DD57-4156-8213-2E129986B88B}.Debug|Any CPU.ActiveCfg = Debug|Any CPU
		{EAFB448C-DD57-4156-8213-2E129986B88B}.Debug|Any CPU.Build.0 = Debug|Any CPU
		{EAFB448C-DD57-4156-8213-2E129986B88B}.Debug|x64.ActiveCfg = Debug|Any CPU
		{EAFB448C-DD57-4156-8213-2E129986B88B}.Debug|x64.Build.0 = Debug|Any CPU
		{EAFB448C-DD57-4156-8213-2E129986B88B}.Debug|x86.ActiveCfg = Debug|Any CPU
		{EAFB448C-DD57-4156-8213-2E129986B88B}.Debug|x86.Build.0 = Debug|Any CPU
		{EAFB448C-DD57-4156-8213-2E129986B88B}.Release|Any CPU.ActiveCfg = Release|Any CPU
		{EAFB448C-DD57-4156-8213-2E129986B88B}.Release|Any CPU.Build.0 = Release|Any CPU
		{EAFB448C-DD57-4156-8213-2E129986B88B}.Release|x64.ActiveCfg = Release|Any CPU
		{EAFB448C-DD57-4156-8213-2E129986B88B}.Release|x64.Build.0 = Release|Any CPU
		{EAFB448C-DD57-4156-8213-2E129986B88B}.Release|x86.ActiveCfg = Release|Any CPU
		{EAFB448C-DD57-4156-8213-2E129986B88B}.Release|x86.Build.0 = Release|Any CPU
		{21A82AE6-6C07-4A25-BE98-61B8AC3EBC2A}.Debug|Any CPU.ActiveCfg = Debug|Any CPU
		{21A82AE6-6C07-4A25-BE98-61B8AC3EBC2A}.Debug|Any CPU.Build.0 = Debug|Any CPU
		{21A82AE6-6C07-4A25-BE98-61B8AC3EBC2A}.Debug|x64.ActiveCfg = Debug|Any CPU
		{21A82AE6-6C07-4A25-BE98-61B8AC3EBC2A}.Debug|x64.Build.0 = Debug|Any CPU
		{21A82AE6-6C07-4A25-BE98-61B8AC3EBC2A}.Debug|x86.ActiveCfg = Debug|Any CPU
		{21A82AE6-6C07-4A25-BE98-61B8AC3EBC2A}.Debug|x86.Build.0 = Debug|Any CPU
		{21A82AE6-6C07-4A25-BE98-61B8AC3EBC2A}.Release|Any CPU.ActiveCfg = Release|Any CPU
		{21A82AE6-6C07-4A25-BE98-61B8AC3EBC2A}.Release|Any CPU.Build.0 = Release|Any CPU
		{21A82AE6-6C07-4A25-BE98-61B8AC3EBC2A}.Release|x64.ActiveCfg = Release|Any CPU
		{21A82AE6-6C07-4A25-BE98-61B8AC3EBC2A}.Release|x64.Build.0 = Release|Any CPU
		{21A82AE6-6C07-4A25-BE98-61B8AC3EBC2A}.Release|x86.ActiveCfg = Release|Any CPU
		{21A82AE6-6C07-4A25-BE98-61B8AC3EBC2A}.Release|x86.Build.0 = Release|Any CPU
		{2CEECBB5-3920-41F5-8ADC-32ED5F0986FF}.Debug|Any CPU.ActiveCfg = Debug|Any CPU
		{2CEECBB5-3920-41F5-8ADC-32ED5F0986FF}.Debug|Any CPU.Build.0 = Debug|Any CPU
		{2CEECBB5-3920-41F5-8ADC-32ED5F0986FF}.Debug|x64.ActiveCfg = Debug|Any CPU
		{2CEECBB5-3920-41F5-8ADC-32ED5F0986FF}.Debug|x64.Build.0 = Debug|Any CPU
		{2CEECBB5-3920-41F5-8ADC-32ED5F0986FF}.Debug|x86.ActiveCfg = Debug|Any CPU
		{2CEECBB5-3920-41F5-8ADC-32ED5F0986FF}.Debug|x86.Build.0 = Debug|Any CPU
		{2CEECBB5-3920-41F5-8ADC-32ED5F0986FF}.Release|Any CPU.ActiveCfg = Release|Any CPU
		{2CEECBB5-3920-41F5-8ADC-32ED5F0986FF}.Release|Any CPU.Build.0 = Release|Any CPU
		{2CEECBB5-3920-41F5-8ADC-32ED5F0986FF}.Release|x64.ActiveCfg = Release|Any CPU
		{2CEECBB5-3920-41F5-8ADC-32ED5F0986FF}.Release|x64.Build.0 = Release|Any CPU
		{2CEECBB5-3920-41F5-8ADC-32ED5F0986FF}.Release|x86.ActiveCfg = Release|Any CPU
		{2CEECBB5-3920-41F5-8ADC-32ED5F0986FF}.Release|x86.Build.0 = Release|Any CPU
		{CBF0ACFA-BF63-4764-85C5-70317128121D}.Debug|Any CPU.ActiveCfg = Debug|Any CPU
		{CBF0ACFA-BF63-4764-85C5-70317128121D}.Debug|Any CPU.Build.0 = Debug|Any CPU
		{CBF0ACFA-BF63-4764-85C5-70317128121D}.Debug|x64.ActiveCfg = Debug|Any CPU
		{CBF0ACFA-BF63-4764-85C5-70317128121D}.Debug|x64.Build.0 = Debug|Any CPU
		{CBF0ACFA-BF63-4764-85C5-70317128121D}.Debug|x86.ActiveCfg = Debug|Any CPU
		{CBF0ACFA-BF63-4764-85C5-70317128121D}.Debug|x86.Build.0 = Debug|Any CPU
		{CBF0ACFA-BF63-4764-85C5-70317128121D}.Release|Any CPU.ActiveCfg = Release|Any CPU
		{CBF0ACFA-BF63-4764-85C5-70317128121D}.Release|Any CPU.Build.0 = Release|Any CPU
		{CBF0ACFA-BF63-4764-85C5-70317128121D}.Release|x64.ActiveCfg = Release|Any CPU
		{CBF0ACFA-BF63-4764-85C5-70317128121D}.Release|x64.Build.0 = Release|Any CPU
		{CBF0ACFA-BF63-4764-85C5-70317128121D}.Release|x86.ActiveCfg = Release|Any CPU
		{CBF0ACFA-BF63-4764-85C5-70317128121D}.Release|x86.Build.0 = Release|Any CPU
		{1F459F93-9385-4144-829B-184501A24289}.Debug|Any CPU.ActiveCfg = Debug|Any CPU
		{1F459F93-9385-4144-829B-184501A24289}.Debug|Any CPU.Build.0 = Debug|Any CPU
		{1F459F93-9385-4144-829B-184501A24289}.Debug|x64.ActiveCfg = Debug|Any CPU
		{1F459F93-9385-4144-829B-184501A24289}.Debug|x64.Build.0 = Debug|Any CPU
		{1F459F93-9385-4144-829B-184501A24289}.Debug|x86.ActiveCfg = Debug|Any CPU
		{1F459F93-9385-4144-829B-184501A24289}.Debug|x86.Build.0 = Debug|Any CPU
		{1F459F93-9385-4144-829B-184501A24289}.Release|Any CPU.ActiveCfg = Release|Any CPU
		{1F459F93-9385-4144-829B-184501A24289}.Release|Any CPU.Build.0 = Release|Any CPU
		{1F459F93-9385-4144-829B-184501A24289}.Release|x64.ActiveCfg = Release|Any CPU
		{1F459F93-9385-4144-829B-184501A24289}.Release|x64.Build.0 = Release|Any CPU
		{1F459F93-9385-4144-829B-184501A24289}.Release|x86.ActiveCfg = Release|Any CPU
		{1F459F93-9385-4144-829B-184501A24289}.Release|x86.Build.0 = Release|Any CPU
		{B2078A6B-D02E-480B-9829-56D7A29AD7C7}.Debug|Any CPU.ActiveCfg = Debug|Any CPU
		{B2078A6B-D02E-480B-9829-56D7A29AD7C7}.Debug|Any CPU.Build.0 = Debug|Any CPU
		{B2078A6B-D02E-480B-9829-56D7A29AD7C7}.Debug|x64.ActiveCfg = Debug|Any CPU
		{B2078A6B-D02E-480B-9829-56D7A29AD7C7}.Debug|x64.Build.0 = Debug|Any CPU
		{B2078A6B-D02E-480B-9829-56D7A29AD7C7}.Debug|x86.ActiveCfg = Debug|Any CPU
		{B2078A6B-D02E-480B-9829-56D7A29AD7C7}.Debug|x86.Build.0 = Debug|Any CPU
		{B2078A6B-D02E-480B-9829-56D7A29AD7C7}.Release|Any CPU.ActiveCfg = Release|Any CPU
		{B2078A6B-D02E-480B-9829-56D7A29AD7C7}.Release|Any CPU.Build.0 = Release|Any CPU
		{B2078A6B-D02E-480B-9829-56D7A29AD7C7}.Release|x64.ActiveCfg = Release|Any CPU
		{B2078A6B-D02E-480B-9829-56D7A29AD7C7}.Release|x64.Build.0 = Release|Any CPU
		{B2078A6B-D02E-480B-9829-56D7A29AD7C7}.Release|x86.ActiveCfg = Release|Any CPU
		{B2078A6B-D02E-480B-9829-56D7A29AD7C7}.Release|x86.Build.0 = Release|Any CPU
		{AD2CE80C-CDA7-40E6-A96B-C47036AC94B3}.Debug|Any CPU.ActiveCfg = Debug|Any CPU
		{AD2CE80C-CDA7-40E6-A96B-C47036AC94B3}.Debug|Any CPU.Build.0 = Debug|Any CPU
		{AD2CE80C-CDA7-40E6-A96B-C47036AC94B3}.Debug|x64.ActiveCfg = Debug|Any CPU
		{AD2CE80C-CDA7-40E6-A96B-C47036AC94B3}.Debug|x64.Build.0 = Debug|Any CPU
		{AD2CE80C-CDA7-40E6-A96B-C47036AC94B3}.Debug|x86.ActiveCfg = Debug|Any CPU
		{AD2CE80C-CDA7-40E6-A96B-C47036AC94B3}.Debug|x86.Build.0 = Debug|Any CPU
		{AD2CE80C-CDA7-40E6-A96B-C47036AC94B3}.Release|Any CPU.ActiveCfg = Release|Any CPU
		{AD2CE80C-CDA7-40E6-A96B-C47036AC94B3}.Release|Any CPU.Build.0 = Release|Any CPU
		{AD2CE80C-CDA7-40E6-A96B-C47036AC94B3}.Release|x64.ActiveCfg = Release|Any CPU
		{AD2CE80C-CDA7-40E6-A96B-C47036AC94B3}.Release|x64.Build.0 = Release|Any CPU
		{AD2CE80C-CDA7-40E6-A96B-C47036AC94B3}.Release|x86.ActiveCfg = Release|Any CPU
		{AD2CE80C-CDA7-40E6-A96B-C47036AC94B3}.Release|x86.Build.0 = Release|Any CPU
		{8E8DA9E1-0A50-444A-8DB1-CF4F5C97AB8F}.Debug|Any CPU.ActiveCfg = Debug|Any CPU
		{8E8DA9E1-0A50-444A-8DB1-CF4F5C97AB8F}.Debug|Any CPU.Build.0 = Debug|Any CPU
		{8E8DA9E1-0A50-444A-8DB1-CF4F5C97AB8F}.Debug|x64.ActiveCfg = Debug|Any CPU
		{8E8DA9E1-0A50-444A-8DB1-CF4F5C97AB8F}.Debug|x64.Build.0 = Debug|Any CPU
		{8E8DA9E1-0A50-444A-8DB1-CF4F5C97AB8F}.Debug|x86.ActiveCfg = Debug|Any CPU
		{8E8DA9E1-0A50-444A-8DB1-CF4F5C97AB8F}.Debug|x86.Build.0 = Debug|Any CPU
		{8E8DA9E1-0A50-444A-8DB1-CF4F5C97AB8F}.Release|Any CPU.ActiveCfg = Release|Any CPU
		{8E8DA9E1-0A50-444A-8DB1-CF4F5C97AB8F}.Release|Any CPU.Build.0 = Release|Any CPU
		{8E8DA9E1-0A50-444A-8DB1-CF4F5C97AB8F}.Release|x64.ActiveCfg = Release|Any CPU
		{8E8DA9E1-0A50-444A-8DB1-CF4F5C97AB8F}.Release|x64.Build.0 = Release|Any CPU
		{8E8DA9E1-0A50-444A-8DB1-CF4F5C97AB8F}.Release|x86.ActiveCfg = Release|Any CPU
		{8E8DA9E1-0A50-444A-8DB1-CF4F5C97AB8F}.Release|x86.Build.0 = Release|Any CPU
		{F5BB8A5C-2743-4CB2-A292-CD0F6BF5B479}.Debug|Any CPU.ActiveCfg = Debug|Any CPU
		{F5BB8A5C-2743-4CB2-A292-CD0F6BF5B479}.Debug|Any CPU.Build.0 = Debug|Any CPU
		{F5BB8A5C-2743-4CB2-A292-CD0F6BF5B479}.Debug|x64.ActiveCfg = Debug|Any CPU
		{F5BB8A5C-2743-4CB2-A292-CD0F6BF5B479}.Debug|x64.Build.0 = Debug|Any CPU
		{F5BB8A5C-2743-4CB2-A292-CD0F6BF5B479}.Debug|x86.ActiveCfg = Debug|Any CPU
		{F5BB8A5C-2743-4CB2-A292-CD0F6BF5B479}.Debug|x86.Build.0 = Debug|Any CPU
		{F5BB8A5C-2743-4CB2-A292-CD0F6BF5B479}.Release|Any CPU.ActiveCfg = Release|Any CPU
		{F5BB8A5C-2743-4CB2-A292-CD0F6BF5B479}.Release|Any CPU.Build.0 = Release|Any CPU
		{F5BB8A5C-2743-4CB2-A292-CD0F6BF5B479}.Release|x64.ActiveCfg = Release|Any CPU
		{F5BB8A5C-2743-4CB2-A292-CD0F6BF5B479}.Release|x64.Build.0 = Release|Any CPU
		{F5BB8A5C-2743-4CB2-A292-CD0F6BF5B479}.Release|x86.ActiveCfg = Release|Any CPU
		{F5BB8A5C-2743-4CB2-A292-CD0F6BF5B479}.Release|x86.Build.0 = Release|Any CPU
		{ECE0E180-1182-4B16-B55B-2F6D381E4111}.Debug|Any CPU.ActiveCfg = Debug|Any CPU
		{ECE0E180-1182-4B16-B55B-2F6D381E4111}.Debug|Any CPU.Build.0 = Debug|Any CPU
		{ECE0E180-1182-4B16-B55B-2F6D381E4111}.Debug|x64.ActiveCfg = Debug|Any CPU
		{ECE0E180-1182-4B16-B55B-2F6D381E4111}.Debug|x64.Build.0 = Debug|Any CPU
		{ECE0E180-1182-4B16-B55B-2F6D381E4111}.Debug|x86.ActiveCfg = Debug|Any CPU
		{ECE0E180-1182-4B16-B55B-2F6D381E4111}.Debug|x86.Build.0 = Debug|Any CPU
		{ECE0E180-1182-4B16-B55B-2F6D381E4111}.Release|Any CPU.ActiveCfg = Release|Any CPU
		{ECE0E180-1182-4B16-B55B-2F6D381E4111}.Release|Any CPU.Build.0 = Release|Any CPU
		{ECE0E180-1182-4B16-B55B-2F6D381E4111}.Release|x64.ActiveCfg = Release|Any CPU
		{ECE0E180-1182-4B16-B55B-2F6D381E4111}.Release|x64.Build.0 = Release|Any CPU
		{ECE0E180-1182-4B16-B55B-2F6D381E4111}.Release|x86.ActiveCfg = Release|Any CPU
		{ECE0E180-1182-4B16-B55B-2F6D381E4111}.Release|x86.Build.0 = Release|Any CPU
		{069F8384-4C65-4533-8F6A-9ECEA6254497}.Debug|Any CPU.ActiveCfg = Debug|Any CPU
		{069F8384-4C65-4533-8F6A-9ECEA6254497}.Debug|Any CPU.Build.0 = Debug|Any CPU
		{069F8384-4C65-4533-8F6A-9ECEA6254497}.Debug|x64.ActiveCfg = Debug|Any CPU
		{069F8384-4C65-4533-8F6A-9ECEA6254497}.Debug|x64.Build.0 = Debug|Any CPU
		{069F8384-4C65-4533-8F6A-9ECEA6254497}.Debug|x86.ActiveCfg = Debug|Any CPU
		{069F8384-4C65-4533-8F6A-9ECEA6254497}.Debug|x86.Build.0 = Debug|Any CPU
		{069F8384-4C65-4533-8F6A-9ECEA6254497}.Release|Any CPU.ActiveCfg = Release|Any CPU
		{069F8384-4C65-4533-8F6A-9ECEA6254497}.Release|Any CPU.Build.0 = Release|Any CPU
		{069F8384-4C65-4533-8F6A-9ECEA6254497}.Release|x64.ActiveCfg = Release|Any CPU
		{069F8384-4C65-4533-8F6A-9ECEA6254497}.Release|x64.Build.0 = Release|Any CPU
		{069F8384-4C65-4533-8F6A-9ECEA6254497}.Release|x86.ActiveCfg = Release|Any CPU
		{069F8384-4C65-4533-8F6A-9ECEA6254497}.Release|x86.Build.0 = Release|Any CPU
		{F5BF711B-0BF6-4FE7-B82F-340276A2E715}.Debug|Any CPU.ActiveCfg = Debug|Any CPU
		{F5BF711B-0BF6-4FE7-B82F-340276A2E715}.Debug|Any CPU.Build.0 = Debug|Any CPU
		{F5BF711B-0BF6-4FE7-B82F-340276A2E715}.Debug|x64.ActiveCfg = Debug|Any CPU
		{F5BF711B-0BF6-4FE7-B82F-340276A2E715}.Debug|x64.Build.0 = Debug|Any CPU
		{F5BF711B-0BF6-4FE7-B82F-340276A2E715}.Debug|x86.ActiveCfg = Debug|Any CPU
		{F5BF711B-0BF6-4FE7-B82F-340276A2E715}.Debug|x86.Build.0 = Debug|Any CPU
		{F5BF711B-0BF6-4FE7-B82F-340276A2E715}.Release|Any CPU.ActiveCfg = Release|Any CPU
		{F5BF711B-0BF6-4FE7-B82F-340276A2E715}.Release|Any CPU.Build.0 = Release|Any CPU
		{F5BF711B-0BF6-4FE7-B82F-340276A2E715}.Release|x64.ActiveCfg = Release|Any CPU
		{F5BF711B-0BF6-4FE7-B82F-340276A2E715}.Release|x64.Build.0 = Release|Any CPU
		{F5BF711B-0BF6-4FE7-B82F-340276A2E715}.Release|x86.ActiveCfg = Release|Any CPU
		{F5BF711B-0BF6-4FE7-B82F-340276A2E715}.Release|x86.Build.0 = Release|Any CPU
		{FF810C96-267B-4456-904F-ABAC36B21F94}.Debug|Any CPU.ActiveCfg = Debug|Any CPU
		{FF810C96-267B-4456-904F-ABAC36B21F94}.Debug|Any CPU.Build.0 = Debug|Any CPU
		{FF810C96-267B-4456-904F-ABAC36B21F94}.Debug|x64.ActiveCfg = Debug|Any CPU
		{FF810C96-267B-4456-904F-ABAC36B21F94}.Debug|x64.Build.0 = Debug|Any CPU
		{FF810C96-267B-4456-904F-ABAC36B21F94}.Debug|x86.ActiveCfg = Debug|Any CPU
		{FF810C96-267B-4456-904F-ABAC36B21F94}.Debug|x86.Build.0 = Debug|Any CPU
		{FF810C96-267B-4456-904F-ABAC36B21F94}.Release|Any CPU.ActiveCfg = Release|Any CPU
		{FF810C96-267B-4456-904F-ABAC36B21F94}.Release|Any CPU.Build.0 = Release|Any CPU
		{FF810C96-267B-4456-904F-ABAC36B21F94}.Release|x64.ActiveCfg = Release|Any CPU
		{FF810C96-267B-4456-904F-ABAC36B21F94}.Release|x64.Build.0 = Release|Any CPU
		{FF810C96-267B-4456-904F-ABAC36B21F94}.Release|x86.ActiveCfg = Release|Any CPU
		{FF810C96-267B-4456-904F-ABAC36B21F94}.Release|x86.Build.0 = Release|Any CPU
		{886E36BC-74A0-4FCA-B036-1235ECE6B64E}.Debug|Any CPU.ActiveCfg = Debug|Any CPU
		{886E36BC-74A0-4FCA-B036-1235ECE6B64E}.Debug|Any CPU.Build.0 = Debug|Any CPU
		{886E36BC-74A0-4FCA-B036-1235ECE6B64E}.Debug|x64.ActiveCfg = Debug|Any CPU
		{886E36BC-74A0-4FCA-B036-1235ECE6B64E}.Debug|x64.Build.0 = Debug|Any CPU
		{886E36BC-74A0-4FCA-B036-1235ECE6B64E}.Debug|x86.ActiveCfg = Debug|Any CPU
		{886E36BC-74A0-4FCA-B036-1235ECE6B64E}.Debug|x86.Build.0 = Debug|Any CPU
		{886E36BC-74A0-4FCA-B036-1235ECE6B64E}.Release|Any CPU.ActiveCfg = Release|Any CPU
		{886E36BC-74A0-4FCA-B036-1235ECE6B64E}.Release|Any CPU.Build.0 = Release|Any CPU
		{886E36BC-74A0-4FCA-B036-1235ECE6B64E}.Release|x64.ActiveCfg = Release|Any CPU
		{886E36BC-74A0-4FCA-B036-1235ECE6B64E}.Release|x64.Build.0 = Release|Any CPU
		{886E36BC-74A0-4FCA-B036-1235ECE6B64E}.Release|x86.ActiveCfg = Release|Any CPU
		{886E36BC-74A0-4FCA-B036-1235ECE6B64E}.Release|x86.Build.0 = Release|Any CPU
		{457EED8C-051C-4D2E-A654-A00E8DE466E8}.Debug|Any CPU.ActiveCfg = Debug|Any CPU
		{457EED8C-051C-4D2E-A654-A00E8DE466E8}.Debug|Any CPU.Build.0 = Debug|Any CPU
		{457EED8C-051C-4D2E-A654-A00E8DE466E8}.Debug|x64.ActiveCfg = Debug|Any CPU
		{457EED8C-051C-4D2E-A654-A00E8DE466E8}.Debug|x64.Build.0 = Debug|Any CPU
		{457EED8C-051C-4D2E-A654-A00E8DE466E8}.Debug|x86.ActiveCfg = Debug|Any CPU
		{457EED8C-051C-4D2E-A654-A00E8DE466E8}.Debug|x86.Build.0 = Debug|Any CPU
		{457EED8C-051C-4D2E-A654-A00E8DE466E8}.Release|Any CPU.ActiveCfg = Release|Any CPU
		{457EED8C-051C-4D2E-A654-A00E8DE466E8}.Release|Any CPU.Build.0 = Release|Any CPU
		{457EED8C-051C-4D2E-A654-A00E8DE466E8}.Release|x64.ActiveCfg = Release|Any CPU
		{457EED8C-051C-4D2E-A654-A00E8DE466E8}.Release|x64.Build.0 = Release|Any CPU
		{457EED8C-051C-4D2E-A654-A00E8DE466E8}.Release|x86.ActiveCfg = Release|Any CPU
		{457EED8C-051C-4D2E-A654-A00E8DE466E8}.Release|x86.Build.0 = Release|Any CPU
		{938FB83E-68CC-46F4-ACF3-5C4DF67F1A60}.Debug|Any CPU.ActiveCfg = Debug|Any CPU
		{938FB83E-68CC-46F4-ACF3-5C4DF67F1A60}.Debug|Any CPU.Build.0 = Debug|Any CPU
		{938FB83E-68CC-46F4-ACF3-5C4DF67F1A60}.Debug|x64.ActiveCfg = Debug|Any CPU
		{938FB83E-68CC-46F4-ACF3-5C4DF67F1A60}.Debug|x64.Build.0 = Debug|Any CPU
		{938FB83E-68CC-46F4-ACF3-5C4DF67F1A60}.Debug|x86.ActiveCfg = Debug|Any CPU
		{938FB83E-68CC-46F4-ACF3-5C4DF67F1A60}.Debug|x86.Build.0 = Debug|Any CPU
		{938FB83E-68CC-46F4-ACF3-5C4DF67F1A60}.Release|Any CPU.ActiveCfg = Release|Any CPU
		{938FB83E-68CC-46F4-ACF3-5C4DF67F1A60}.Release|Any CPU.Build.0 = Release|Any CPU
		{938FB83E-68CC-46F4-ACF3-5C4DF67F1A60}.Release|x64.ActiveCfg = Release|Any CPU
		{938FB83E-68CC-46F4-ACF3-5C4DF67F1A60}.Release|x64.Build.0 = Release|Any CPU
		{938FB83E-68CC-46F4-ACF3-5C4DF67F1A60}.Release|x86.ActiveCfg = Release|Any CPU
		{938FB83E-68CC-46F4-ACF3-5C4DF67F1A60}.Release|x86.Build.0 = Release|Any CPU
		{B36AA3D2-D4F8-4F15-ABBA-67CEF459580D}.Debug|Any CPU.ActiveCfg = Debug|Any CPU
		{B36AA3D2-D4F8-4F15-ABBA-67CEF459580D}.Debug|Any CPU.Build.0 = Debug|Any CPU
		{B36AA3D2-D4F8-4F15-ABBA-67CEF459580D}.Debug|x64.ActiveCfg = Debug|Any CPU
		{B36AA3D2-D4F8-4F15-ABBA-67CEF459580D}.Debug|x64.Build.0 = Debug|Any CPU
		{B36AA3D2-D4F8-4F15-ABBA-67CEF459580D}.Debug|x86.ActiveCfg = Debug|Any CPU
		{B36AA3D2-D4F8-4F15-ABBA-67CEF459580D}.Debug|x86.Build.0 = Debug|Any CPU
		{B36AA3D2-D4F8-4F15-ABBA-67CEF459580D}.Release|Any CPU.ActiveCfg = Release|Any CPU
		{B36AA3D2-D4F8-4F15-ABBA-67CEF459580D}.Release|Any CPU.Build.0 = Release|Any CPU
		{B36AA3D2-D4F8-4F15-ABBA-67CEF459580D}.Release|x64.ActiveCfg = Release|Any CPU
		{B36AA3D2-D4F8-4F15-ABBA-67CEF459580D}.Release|x64.Build.0 = Release|Any CPU
		{B36AA3D2-D4F8-4F15-ABBA-67CEF459580D}.Release|x86.ActiveCfg = Release|Any CPU
		{B36AA3D2-D4F8-4F15-ABBA-67CEF459580D}.Release|x86.Build.0 = Release|Any CPU
		{00A9E4D3-93A0-4F8C-BFA5-3749C1215AB5}.Debug|Any CPU.ActiveCfg = Debug|Any CPU
		{00A9E4D3-93A0-4F8C-BFA5-3749C1215AB5}.Debug|Any CPU.Build.0 = Debug|Any CPU
		{00A9E4D3-93A0-4F8C-BFA5-3749C1215AB5}.Debug|x64.ActiveCfg = Debug|Any CPU
		{00A9E4D3-93A0-4F8C-BFA5-3749C1215AB5}.Debug|x64.Build.0 = Debug|Any CPU
		{00A9E4D3-93A0-4F8C-BFA5-3749C1215AB5}.Debug|x86.ActiveCfg = Debug|Any CPU
		{00A9E4D3-93A0-4F8C-BFA5-3749C1215AB5}.Debug|x86.Build.0 = Debug|Any CPU
		{00A9E4D3-93A0-4F8C-BFA5-3749C1215AB5}.Release|Any CPU.ActiveCfg = Release|Any CPU
		{00A9E4D3-93A0-4F8C-BFA5-3749C1215AB5}.Release|Any CPU.Build.0 = Release|Any CPU
		{00A9E4D3-93A0-4F8C-BFA5-3749C1215AB5}.Release|x64.ActiveCfg = Release|Any CPU
		{00A9E4D3-93A0-4F8C-BFA5-3749C1215AB5}.Release|x64.Build.0 = Release|Any CPU
		{00A9E4D3-93A0-4F8C-BFA5-3749C1215AB5}.Release|x86.ActiveCfg = Release|Any CPU
		{00A9E4D3-93A0-4F8C-BFA5-3749C1215AB5}.Release|x86.Build.0 = Release|Any CPU
		{0016EA28-30C7-42D8-9D78-12EF997DC11A}.Debug|Any CPU.ActiveCfg = Debug|Any CPU
		{0016EA28-30C7-42D8-9D78-12EF997DC11A}.Debug|Any CPU.Build.0 = Debug|Any CPU
		{0016EA28-30C7-42D8-9D78-12EF997DC11A}.Debug|x64.ActiveCfg = Debug|Any CPU
		{0016EA28-30C7-42D8-9D78-12EF997DC11A}.Debug|x64.Build.0 = Debug|Any CPU
		{0016EA28-30C7-42D8-9D78-12EF997DC11A}.Debug|x86.ActiveCfg = Debug|Any CPU
		{0016EA28-30C7-42D8-9D78-12EF997DC11A}.Debug|x86.Build.0 = Debug|Any CPU
		{0016EA28-30C7-42D8-9D78-12EF997DC11A}.Release|Any CPU.ActiveCfg = Release|Any CPU
		{0016EA28-30C7-42D8-9D78-12EF997DC11A}.Release|Any CPU.Build.0 = Release|Any CPU
		{0016EA28-30C7-42D8-9D78-12EF997DC11A}.Release|x64.ActiveCfg = Release|Any CPU
		{0016EA28-30C7-42D8-9D78-12EF997DC11A}.Release|x64.Build.0 = Release|Any CPU
		{0016EA28-30C7-42D8-9D78-12EF997DC11A}.Release|x86.ActiveCfg = Release|Any CPU
		{0016EA28-30C7-42D8-9D78-12EF997DC11A}.Release|x86.Build.0 = Release|Any CPU
		{E6895AD1-BBB2-463B-B458-D3F3F0830578}.Debug|Any CPU.ActiveCfg = Debug|Any CPU
		{E6895AD1-BBB2-463B-B458-D3F3F0830578}.Debug|Any CPU.Build.0 = Debug|Any CPU
		{E6895AD1-BBB2-463B-B458-D3F3F0830578}.Debug|x64.ActiveCfg = Debug|Any CPU
		{E6895AD1-BBB2-463B-B458-D3F3F0830578}.Debug|x64.Build.0 = Debug|Any CPU
		{E6895AD1-BBB2-463B-B458-D3F3F0830578}.Debug|x86.ActiveCfg = Debug|Any CPU
		{E6895AD1-BBB2-463B-B458-D3F3F0830578}.Debug|x86.Build.0 = Debug|Any CPU
		{E6895AD1-BBB2-463B-B458-D3F3F0830578}.Release|Any CPU.ActiveCfg = Release|Any CPU
		{E6895AD1-BBB2-463B-B458-D3F3F0830578}.Release|Any CPU.Build.0 = Release|Any CPU
		{E6895AD1-BBB2-463B-B458-D3F3F0830578}.Release|x64.ActiveCfg = Release|Any CPU
		{E6895AD1-BBB2-463B-B458-D3F3F0830578}.Release|x64.Build.0 = Release|Any CPU
		{E6895AD1-BBB2-463B-B458-D3F3F0830578}.Release|x86.ActiveCfg = Release|Any CPU
		{E6895AD1-BBB2-463B-B458-D3F3F0830578}.Release|x86.Build.0 = Release|Any CPU
		{9D072E0E-5F7E-41B8-9922-257AE9BF0513}.Debug|Any CPU.ActiveCfg = Debug|Any CPU
		{9D072E0E-5F7E-41B8-9922-257AE9BF0513}.Debug|Any CPU.Build.0 = Debug|Any CPU
		{9D072E0E-5F7E-41B8-9922-257AE9BF0513}.Debug|x64.ActiveCfg = Debug|Any CPU
		{9D072E0E-5F7E-41B8-9922-257AE9BF0513}.Debug|x64.Build.0 = Debug|Any CPU
		{9D072E0E-5F7E-41B8-9922-257AE9BF0513}.Debug|x86.ActiveCfg = Debug|Any CPU
		{9D072E0E-5F7E-41B8-9922-257AE9BF0513}.Debug|x86.Build.0 = Debug|Any CPU
		{9D072E0E-5F7E-41B8-9922-257AE9BF0513}.Release|Any CPU.ActiveCfg = Release|Any CPU
		{9D072E0E-5F7E-41B8-9922-257AE9BF0513}.Release|Any CPU.Build.0 = Release|Any CPU
		{9D072E0E-5F7E-41B8-9922-257AE9BF0513}.Release|x64.ActiveCfg = Release|Any CPU
		{9D072E0E-5F7E-41B8-9922-257AE9BF0513}.Release|x64.Build.0 = Release|Any CPU
		{9D072E0E-5F7E-41B8-9922-257AE9BF0513}.Release|x86.ActiveCfg = Release|Any CPU
		{9D072E0E-5F7E-41B8-9922-257AE9BF0513}.Release|x86.Build.0 = Release|Any CPU
		{69187979-65E8-4335-A7EF-D2039A656AF5}.Debug|Any CPU.ActiveCfg = Debug|Any CPU
		{69187979-65E8-4335-A7EF-D2039A656AF5}.Debug|Any CPU.Build.0 = Debug|Any CPU
		{69187979-65E8-4335-A7EF-D2039A656AF5}.Debug|x64.ActiveCfg = Debug|Any CPU
		{69187979-65E8-4335-A7EF-D2039A656AF5}.Debug|x64.Build.0 = Debug|Any CPU
		{69187979-65E8-4335-A7EF-D2039A656AF5}.Debug|x86.ActiveCfg = Debug|Any CPU
		{69187979-65E8-4335-A7EF-D2039A656AF5}.Debug|x86.Build.0 = Debug|Any CPU
		{69187979-65E8-4335-A7EF-D2039A656AF5}.Release|Any CPU.ActiveCfg = Release|Any CPU
		{69187979-65E8-4335-A7EF-D2039A656AF5}.Release|Any CPU.Build.0 = Release|Any CPU
		{69187979-65E8-4335-A7EF-D2039A656AF5}.Release|x64.ActiveCfg = Release|Any CPU
		{69187979-65E8-4335-A7EF-D2039A656AF5}.Release|x64.Build.0 = Release|Any CPU
		{69187979-65E8-4335-A7EF-D2039A656AF5}.Release|x86.ActiveCfg = Release|Any CPU
		{69187979-65E8-4335-A7EF-D2039A656AF5}.Release|x86.Build.0 = Release|Any CPU
		{1D66F555-80F6-430F-970C-F71FE7C674AE}.Debug|Any CPU.ActiveCfg = Debug|Any CPU
		{1D66F555-80F6-430F-970C-F71FE7C674AE}.Debug|Any CPU.Build.0 = Debug|Any CPU
		{1D66F555-80F6-430F-970C-F71FE7C674AE}.Debug|x64.ActiveCfg = Debug|Any CPU
		{1D66F555-80F6-430F-970C-F71FE7C674AE}.Debug|x64.Build.0 = Debug|Any CPU
		{1D66F555-80F6-430F-970C-F71FE7C674AE}.Debug|x86.ActiveCfg = Debug|Any CPU
		{1D66F555-80F6-430F-970C-F71FE7C674AE}.Debug|x86.Build.0 = Debug|Any CPU
		{1D66F555-80F6-430F-970C-F71FE7C674AE}.Release|Any CPU.ActiveCfg = Release|Any CPU
		{1D66F555-80F6-430F-970C-F71FE7C674AE}.Release|Any CPU.Build.0 = Release|Any CPU
		{1D66F555-80F6-430F-970C-F71FE7C674AE}.Release|x64.ActiveCfg = Release|Any CPU
		{1D66F555-80F6-430F-970C-F71FE7C674AE}.Release|x64.Build.0 = Release|Any CPU
		{1D66F555-80F6-430F-970C-F71FE7C674AE}.Release|x86.ActiveCfg = Release|Any CPU
		{1D66F555-80F6-430F-970C-F71FE7C674AE}.Release|x86.Build.0 = Release|Any CPU
		{03F29BC8-0503-445A-BFAB-D30716BC91F6}.Debug|Any CPU.ActiveCfg = Debug|Any CPU
		{03F29BC8-0503-445A-BFAB-D30716BC91F6}.Debug|Any CPU.Build.0 = Debug|Any CPU
		{03F29BC8-0503-445A-BFAB-D30716BC91F6}.Debug|x64.ActiveCfg = Debug|Any CPU
		{03F29BC8-0503-445A-BFAB-D30716BC91F6}.Debug|x64.Build.0 = Debug|Any CPU
		{03F29BC8-0503-445A-BFAB-D30716BC91F6}.Debug|x86.ActiveCfg = Debug|Any CPU
		{03F29BC8-0503-445A-BFAB-D30716BC91F6}.Debug|x86.Build.0 = Debug|Any CPU
		{03F29BC8-0503-445A-BFAB-D30716BC91F6}.Release|Any CPU.ActiveCfg = Release|Any CPU
		{03F29BC8-0503-445A-BFAB-D30716BC91F6}.Release|Any CPU.Build.0 = Release|Any CPU
		{03F29BC8-0503-445A-BFAB-D30716BC91F6}.Release|x64.ActiveCfg = Release|Any CPU
		{03F29BC8-0503-445A-BFAB-D30716BC91F6}.Release|x64.Build.0 = Release|Any CPU
		{03F29BC8-0503-445A-BFAB-D30716BC91F6}.Release|x86.ActiveCfg = Release|Any CPU
		{03F29BC8-0503-445A-BFAB-D30716BC91F6}.Release|x86.Build.0 = Release|Any CPU
		{918AEE8F-9E35-42CC-8DA6-066F1AA8F5FC}.Debug|Any CPU.ActiveCfg = Debug|Any CPU
		{918AEE8F-9E35-42CC-8DA6-066F1AA8F5FC}.Debug|Any CPU.Build.0 = Debug|Any CPU
		{918AEE8F-9E35-42CC-8DA6-066F1AA8F5FC}.Debug|x64.ActiveCfg = Debug|Any CPU
		{918AEE8F-9E35-42CC-8DA6-066F1AA8F5FC}.Debug|x64.Build.0 = Debug|Any CPU
		{918AEE8F-9E35-42CC-8DA6-066F1AA8F5FC}.Debug|x86.ActiveCfg = Debug|Any CPU
		{918AEE8F-9E35-42CC-8DA6-066F1AA8F5FC}.Debug|x86.Build.0 = Debug|Any CPU
		{918AEE8F-9E35-42CC-8DA6-066F1AA8F5FC}.Release|Any CPU.ActiveCfg = Release|Any CPU
		{918AEE8F-9E35-42CC-8DA6-066F1AA8F5FC}.Release|Any CPU.Build.0 = Release|Any CPU
		{918AEE8F-9E35-42CC-8DA6-066F1AA8F5FC}.Release|x64.ActiveCfg = Release|Any CPU
		{918AEE8F-9E35-42CC-8DA6-066F1AA8F5FC}.Release|x64.Build.0 = Release|Any CPU
		{918AEE8F-9E35-42CC-8DA6-066F1AA8F5FC}.Release|x86.ActiveCfg = Release|Any CPU
		{918AEE8F-9E35-42CC-8DA6-066F1AA8F5FC}.Release|x86.Build.0 = Release|Any CPU
		{92AAD3C9-E413-44B5-8BAE-DAD785C89A9A}.Debug|Any CPU.ActiveCfg = Debug|Any CPU
		{92AAD3C9-E413-44B5-8BAE-DAD785C89A9A}.Debug|Any CPU.Build.0 = Debug|Any CPU
		{92AAD3C9-E413-44B5-8BAE-DAD785C89A9A}.Debug|x64.ActiveCfg = Debug|Any CPU
		{92AAD3C9-E413-44B5-8BAE-DAD785C89A9A}.Debug|x64.Build.0 = Debug|Any CPU
		{92AAD3C9-E413-44B5-8BAE-DAD785C89A9A}.Debug|x86.ActiveCfg = Debug|Any CPU
		{92AAD3C9-E413-44B5-8BAE-DAD785C89A9A}.Debug|x86.Build.0 = Debug|Any CPU
		{92AAD3C9-E413-44B5-8BAE-DAD785C89A9A}.Release|Any CPU.ActiveCfg = Release|Any CPU
		{92AAD3C9-E413-44B5-8BAE-DAD785C89A9A}.Release|Any CPU.Build.0 = Release|Any CPU
		{92AAD3C9-E413-44B5-8BAE-DAD785C89A9A}.Release|x64.ActiveCfg = Release|Any CPU
		{92AAD3C9-E413-44B5-8BAE-DAD785C89A9A}.Release|x64.Build.0 = Release|Any CPU
		{92AAD3C9-E413-44B5-8BAE-DAD785C89A9A}.Release|x86.ActiveCfg = Release|Any CPU
		{92AAD3C9-E413-44B5-8BAE-DAD785C89A9A}.Release|x86.Build.0 = Release|Any CPU
		{93B8FB9D-2AD7-4127-BA20-5790D617F401}.Debug|Any CPU.ActiveCfg = Debug|Any CPU
		{93B8FB9D-2AD7-4127-BA20-5790D617F401}.Debug|Any CPU.Build.0 = Debug|Any CPU
		{93B8FB9D-2AD7-4127-BA20-5790D617F401}.Debug|x64.ActiveCfg = Debug|Any CPU
		{93B8FB9D-2AD7-4127-BA20-5790D617F401}.Debug|x64.Build.0 = Debug|Any CPU
		{93B8FB9D-2AD7-4127-BA20-5790D617F401}.Debug|x86.ActiveCfg = Debug|Any CPU
		{93B8FB9D-2AD7-4127-BA20-5790D617F401}.Debug|x86.Build.0 = Debug|Any CPU
		{93B8FB9D-2AD7-4127-BA20-5790D617F401}.Release|Any CPU.ActiveCfg = Release|Any CPU
		{93B8FB9D-2AD7-4127-BA20-5790D617F401}.Release|Any CPU.Build.0 = Release|Any CPU
		{93B8FB9D-2AD7-4127-BA20-5790D617F401}.Release|x64.ActiveCfg = Release|Any CPU
		{93B8FB9D-2AD7-4127-BA20-5790D617F401}.Release|x64.Build.0 = Release|Any CPU
		{93B8FB9D-2AD7-4127-BA20-5790D617F401}.Release|x86.ActiveCfg = Release|Any CPU
		{93B8FB9D-2AD7-4127-BA20-5790D617F401}.Release|x86.Build.0 = Release|Any CPU
		{3704CD99-D9C1-431D-AA37-600735E30EB2}.Debug|Any CPU.ActiveCfg = Debug|Any CPU
		{3704CD99-D9C1-431D-AA37-600735E30EB2}.Debug|Any CPU.Build.0 = Debug|Any CPU
		{3704CD99-D9C1-431D-AA37-600735E30EB2}.Debug|x64.ActiveCfg = Debug|Any CPU
		{3704CD99-D9C1-431D-AA37-600735E30EB2}.Debug|x64.Build.0 = Debug|Any CPU
		{3704CD99-D9C1-431D-AA37-600735E30EB2}.Debug|x86.ActiveCfg = Debug|Any CPU
		{3704CD99-D9C1-431D-AA37-600735E30EB2}.Debug|x86.Build.0 = Debug|Any CPU
		{3704CD99-D9C1-431D-AA37-600735E30EB2}.Release|Any CPU.ActiveCfg = Release|Any CPU
		{3704CD99-D9C1-431D-AA37-600735E30EB2}.Release|Any CPU.Build.0 = Release|Any CPU
		{3704CD99-D9C1-431D-AA37-600735E30EB2}.Release|x64.ActiveCfg = Release|Any CPU
		{3704CD99-D9C1-431D-AA37-600735E30EB2}.Release|x64.Build.0 = Release|Any CPU
		{3704CD99-D9C1-431D-AA37-600735E30EB2}.Release|x86.ActiveCfg = Release|Any CPU
		{3704CD99-D9C1-431D-AA37-600735E30EB2}.Release|x86.Build.0 = Release|Any CPU
		{D15CD34B-8BE4-4C93-AAD4-BD18DB1D527E}.Debug|Any CPU.ActiveCfg = Debug|Any CPU
		{D15CD34B-8BE4-4C93-AAD4-BD18DB1D527E}.Debug|Any CPU.Build.0 = Debug|Any CPU
		{D15CD34B-8BE4-4C93-AAD4-BD18DB1D527E}.Debug|x64.ActiveCfg = Debug|Any CPU
		{D15CD34B-8BE4-4C93-AAD4-BD18DB1D527E}.Debug|x64.Build.0 = Debug|Any CPU
		{D15CD34B-8BE4-4C93-AAD4-BD18DB1D527E}.Debug|x86.ActiveCfg = Debug|Any CPU
		{D15CD34B-8BE4-4C93-AAD4-BD18DB1D527E}.Debug|x86.Build.0 = Debug|Any CPU
		{D15CD34B-8BE4-4C93-AAD4-BD18DB1D527E}.Release|Any CPU.ActiveCfg = Release|Any CPU
		{D15CD34B-8BE4-4C93-AAD4-BD18DB1D527E}.Release|Any CPU.Build.0 = Release|Any CPU
		{D15CD34B-8BE4-4C93-AAD4-BD18DB1D527E}.Release|x64.ActiveCfg = Release|Any CPU
		{D15CD34B-8BE4-4C93-AAD4-BD18DB1D527E}.Release|x64.Build.0 = Release|Any CPU
		{D15CD34B-8BE4-4C93-AAD4-BD18DB1D527E}.Release|x86.ActiveCfg = Release|Any CPU
		{D15CD34B-8BE4-4C93-AAD4-BD18DB1D527E}.Release|x86.Build.0 = Release|Any CPU
		{2571A5AC-CE61-467D-8CD5-A8DB7611B606}.Debug|Any CPU.ActiveCfg = Debug|Any CPU
		{2571A5AC-CE61-467D-8CD5-A8DB7611B606}.Debug|Any CPU.Build.0 = Debug|Any CPU
		{2571A5AC-CE61-467D-8CD5-A8DB7611B606}.Debug|x64.ActiveCfg = Debug|Any CPU
		{2571A5AC-CE61-467D-8CD5-A8DB7611B606}.Debug|x64.Build.0 = Debug|Any CPU
		{2571A5AC-CE61-467D-8CD5-A8DB7611B606}.Debug|x86.ActiveCfg = Debug|Any CPU
		{2571A5AC-CE61-467D-8CD5-A8DB7611B606}.Debug|x86.Build.0 = Debug|Any CPU
		{2571A5AC-CE61-467D-8CD5-A8DB7611B606}.Release|Any CPU.ActiveCfg = Release|Any CPU
		{2571A5AC-CE61-467D-8CD5-A8DB7611B606}.Release|Any CPU.Build.0 = Release|Any CPU
		{2571A5AC-CE61-467D-8CD5-A8DB7611B606}.Release|x64.ActiveCfg = Release|Any CPU
		{2571A5AC-CE61-467D-8CD5-A8DB7611B606}.Release|x64.Build.0 = Release|Any CPU
		{2571A5AC-CE61-467D-8CD5-A8DB7611B606}.Release|x86.ActiveCfg = Release|Any CPU
		{2571A5AC-CE61-467D-8CD5-A8DB7611B606}.Release|x86.Build.0 = Release|Any CPU
		{18BC2ED9-6EF5-41A7-9EE1-6332BC027E4C}.Debug|Any CPU.ActiveCfg = Debug|Any CPU
		{18BC2ED9-6EF5-41A7-9EE1-6332BC027E4C}.Debug|Any CPU.Build.0 = Debug|Any CPU
		{18BC2ED9-6EF5-41A7-9EE1-6332BC027E4C}.Debug|x64.ActiveCfg = Debug|Any CPU
		{18BC2ED9-6EF5-41A7-9EE1-6332BC027E4C}.Debug|x64.Build.0 = Debug|Any CPU
		{18BC2ED9-6EF5-41A7-9EE1-6332BC027E4C}.Debug|x86.ActiveCfg = Debug|Any CPU
		{18BC2ED9-6EF5-41A7-9EE1-6332BC027E4C}.Debug|x86.Build.0 = Debug|Any CPU
		{18BC2ED9-6EF5-41A7-9EE1-6332BC027E4C}.Release|Any CPU.ActiveCfg = Release|Any CPU
		{18BC2ED9-6EF5-41A7-9EE1-6332BC027E4C}.Release|Any CPU.Build.0 = Release|Any CPU
		{18BC2ED9-6EF5-41A7-9EE1-6332BC027E4C}.Release|x64.ActiveCfg = Release|Any CPU
		{18BC2ED9-6EF5-41A7-9EE1-6332BC027E4C}.Release|x64.Build.0 = Release|Any CPU
		{18BC2ED9-6EF5-41A7-9EE1-6332BC027E4C}.Release|x86.ActiveCfg = Release|Any CPU
		{18BC2ED9-6EF5-41A7-9EE1-6332BC027E4C}.Release|x86.Build.0 = Release|Any CPU
		{46BDC094-10A4-4A87-80B3-6C6EE7B982E9}.Debug|Any CPU.ActiveCfg = Debug|Any CPU
		{46BDC094-10A4-4A87-80B3-6C6EE7B982E9}.Debug|Any CPU.Build.0 = Debug|Any CPU
		{46BDC094-10A4-4A87-80B3-6C6EE7B982E9}.Debug|x64.ActiveCfg = Debug|Any CPU
		{46BDC094-10A4-4A87-80B3-6C6EE7B982E9}.Debug|x64.Build.0 = Debug|Any CPU
		{46BDC094-10A4-4A87-80B3-6C6EE7B982E9}.Debug|x86.ActiveCfg = Debug|Any CPU
		{46BDC094-10A4-4A87-80B3-6C6EE7B982E9}.Debug|x86.Build.0 = Debug|Any CPU
		{46BDC094-10A4-4A87-80B3-6C6EE7B982E9}.Release|Any CPU.ActiveCfg = Release|Any CPU
		{46BDC094-10A4-4A87-80B3-6C6EE7B982E9}.Release|Any CPU.Build.0 = Release|Any CPU
		{46BDC094-10A4-4A87-80B3-6C6EE7B982E9}.Release|x64.ActiveCfg = Release|Any CPU
		{46BDC094-10A4-4A87-80B3-6C6EE7B982E9}.Release|x64.Build.0 = Release|Any CPU
		{46BDC094-10A4-4A87-80B3-6C6EE7B982E9}.Release|x86.ActiveCfg = Release|Any CPU
		{46BDC094-10A4-4A87-80B3-6C6EE7B982E9}.Release|x86.Build.0 = Release|Any CPU
		{4B0F7B5C-E4FA-42E9-90E5-FD0F056363CD}.Debug|Any CPU.ActiveCfg = Debug|Any CPU
		{4B0F7B5C-E4FA-42E9-90E5-FD0F056363CD}.Debug|Any CPU.Build.0 = Debug|Any CPU
		{4B0F7B5C-E4FA-42E9-90E5-FD0F056363CD}.Debug|x64.ActiveCfg = Debug|Any CPU
		{4B0F7B5C-E4FA-42E9-90E5-FD0F056363CD}.Debug|x64.Build.0 = Debug|Any CPU
		{4B0F7B5C-E4FA-42E9-90E5-FD0F056363CD}.Debug|x86.ActiveCfg = Debug|Any CPU
		{4B0F7B5C-E4FA-42E9-90E5-FD0F056363CD}.Debug|x86.Build.0 = Debug|Any CPU
		{4B0F7B5C-E4FA-42E9-90E5-FD0F056363CD}.Release|Any CPU.ActiveCfg = Release|Any CPU
		{4B0F7B5C-E4FA-42E9-90E5-FD0F056363CD}.Release|Any CPU.Build.0 = Release|Any CPU
		{4B0F7B5C-E4FA-42E9-90E5-FD0F056363CD}.Release|x64.ActiveCfg = Release|Any CPU
		{4B0F7B5C-E4FA-42E9-90E5-FD0F056363CD}.Release|x64.Build.0 = Release|Any CPU
		{4B0F7B5C-E4FA-42E9-90E5-FD0F056363CD}.Release|x86.ActiveCfg = Release|Any CPU
		{4B0F7B5C-E4FA-42E9-90E5-FD0F056363CD}.Release|x86.Build.0 = Release|Any CPU
		{A08158EE-FD16-44E7-9161-81545BCDD379}.Debug|Any CPU.ActiveCfg = Debug|Any CPU
		{A08158EE-FD16-44E7-9161-81545BCDD379}.Debug|Any CPU.Build.0 = Debug|Any CPU
		{A08158EE-FD16-44E7-9161-81545BCDD379}.Debug|x64.ActiveCfg = Debug|Any CPU
		{A08158EE-FD16-44E7-9161-81545BCDD379}.Debug|x64.Build.0 = Debug|Any CPU
		{A08158EE-FD16-44E7-9161-81545BCDD379}.Debug|x86.ActiveCfg = Debug|Any CPU
		{A08158EE-FD16-44E7-9161-81545BCDD379}.Debug|x86.Build.0 = Debug|Any CPU
		{A08158EE-FD16-44E7-9161-81545BCDD379}.Release|Any CPU.ActiveCfg = Release|Any CPU
		{A08158EE-FD16-44E7-9161-81545BCDD379}.Release|Any CPU.Build.0 = Release|Any CPU
		{A08158EE-FD16-44E7-9161-81545BCDD379}.Release|x64.ActiveCfg = Release|Any CPU
		{A08158EE-FD16-44E7-9161-81545BCDD379}.Release|x64.Build.0 = Release|Any CPU
		{A08158EE-FD16-44E7-9161-81545BCDD379}.Release|x86.ActiveCfg = Release|Any CPU
		{A08158EE-FD16-44E7-9161-81545BCDD379}.Release|x86.Build.0 = Release|Any CPU
		{EA93DF06-E104-4991-BBBD-95EEE33452D5}.Debug|Any CPU.ActiveCfg = Debug|Any CPU
		{EA93DF06-E104-4991-BBBD-95EEE33452D5}.Debug|Any CPU.Build.0 = Debug|Any CPU
		{EA93DF06-E104-4991-BBBD-95EEE33452D5}.Debug|x64.ActiveCfg = Debug|Any CPU
		{EA93DF06-E104-4991-BBBD-95EEE33452D5}.Debug|x64.Build.0 = Debug|Any CPU
		{EA93DF06-E104-4991-BBBD-95EEE33452D5}.Debug|x86.ActiveCfg = Debug|Any CPU
		{EA93DF06-E104-4991-BBBD-95EEE33452D5}.Debug|x86.Build.0 = Debug|Any CPU
		{EA93DF06-E104-4991-BBBD-95EEE33452D5}.Release|Any CPU.ActiveCfg = Release|Any CPU
		{EA93DF06-E104-4991-BBBD-95EEE33452D5}.Release|Any CPU.Build.0 = Release|Any CPU
		{EA93DF06-E104-4991-BBBD-95EEE33452D5}.Release|x64.ActiveCfg = Release|Any CPU
		{EA93DF06-E104-4991-BBBD-95EEE33452D5}.Release|x64.Build.0 = Release|Any CPU
		{EA93DF06-E104-4991-BBBD-95EEE33452D5}.Release|x86.ActiveCfg = Release|Any CPU
		{EA93DF06-E104-4991-BBBD-95EEE33452D5}.Release|x86.Build.0 = Release|Any CPU
		{F5467530-7D75-447A-9DE6-06A4B0496B89}.Debug|Any CPU.ActiveCfg = Debug|Any CPU
		{F5467530-7D75-447A-9DE6-06A4B0496B89}.Debug|Any CPU.Build.0 = Debug|Any CPU
		{F5467530-7D75-447A-9DE6-06A4B0496B89}.Debug|x64.ActiveCfg = Debug|Any CPU
		{F5467530-7D75-447A-9DE6-06A4B0496B89}.Debug|x64.Build.0 = Debug|Any CPU
		{F5467530-7D75-447A-9DE6-06A4B0496B89}.Debug|x86.ActiveCfg = Debug|Any CPU
		{F5467530-7D75-447A-9DE6-06A4B0496B89}.Debug|x86.Build.0 = Debug|Any CPU
		{F5467530-7D75-447A-9DE6-06A4B0496B89}.Release|Any CPU.ActiveCfg = Release|Any CPU
		{F5467530-7D75-447A-9DE6-06A4B0496B89}.Release|Any CPU.Build.0 = Release|Any CPU
		{F5467530-7D75-447A-9DE6-06A4B0496B89}.Release|x64.ActiveCfg = Release|Any CPU
		{F5467530-7D75-447A-9DE6-06A4B0496B89}.Release|x64.Build.0 = Release|Any CPU
		{F5467530-7D75-447A-9DE6-06A4B0496B89}.Release|x86.ActiveCfg = Release|Any CPU
		{F5467530-7D75-447A-9DE6-06A4B0496B89}.Release|x86.Build.0 = Release|Any CPU
		{5C6CB717-6E8E-4C17-9C9B-21A1D04EBBF4}.Debug|Any CPU.ActiveCfg = Debug|Any CPU
		{5C6CB717-6E8E-4C17-9C9B-21A1D04EBBF4}.Debug|Any CPU.Build.0 = Debug|Any CPU
		{5C6CB717-6E8E-4C17-9C9B-21A1D04EBBF4}.Debug|x64.ActiveCfg = Debug|Any CPU
		{5C6CB717-6E8E-4C17-9C9B-21A1D04EBBF4}.Debug|x64.Build.0 = Debug|Any CPU
		{5C6CB717-6E8E-4C17-9C9B-21A1D04EBBF4}.Debug|x86.ActiveCfg = Debug|Any CPU
		{5C6CB717-6E8E-4C17-9C9B-21A1D04EBBF4}.Debug|x86.Build.0 = Debug|Any CPU
		{5C6CB717-6E8E-4C17-9C9B-21A1D04EBBF4}.Release|Any CPU.ActiveCfg = Release|Any CPU
		{5C6CB717-6E8E-4C17-9C9B-21A1D04EBBF4}.Release|Any CPU.Build.0 = Release|Any CPU
		{5C6CB717-6E8E-4C17-9C9B-21A1D04EBBF4}.Release|x64.ActiveCfg = Release|Any CPU
		{5C6CB717-6E8E-4C17-9C9B-21A1D04EBBF4}.Release|x64.Build.0 = Release|Any CPU
		{5C6CB717-6E8E-4C17-9C9B-21A1D04EBBF4}.Release|x86.ActiveCfg = Release|Any CPU
		{5C6CB717-6E8E-4C17-9C9B-21A1D04EBBF4}.Release|x86.Build.0 = Release|Any CPU
		{D03C46FD-B11C-42C6-877C-1040708E857C}.Debug|Any CPU.ActiveCfg = Debug|Any CPU
		{D03C46FD-B11C-42C6-877C-1040708E857C}.Debug|Any CPU.Build.0 = Debug|Any CPU
		{D03C46FD-B11C-42C6-877C-1040708E857C}.Debug|x64.ActiveCfg = Debug|Any CPU
		{D03C46FD-B11C-42C6-877C-1040708E857C}.Debug|x64.Build.0 = Debug|Any CPU
		{D03C46FD-B11C-42C6-877C-1040708E857C}.Debug|x86.ActiveCfg = Debug|Any CPU
		{D03C46FD-B11C-42C6-877C-1040708E857C}.Debug|x86.Build.0 = Debug|Any CPU
		{D03C46FD-B11C-42C6-877C-1040708E857C}.Release|Any CPU.ActiveCfg = Release|Any CPU
		{D03C46FD-B11C-42C6-877C-1040708E857C}.Release|Any CPU.Build.0 = Release|Any CPU
		{D03C46FD-B11C-42C6-877C-1040708E857C}.Release|x64.ActiveCfg = Release|Any CPU
		{D03C46FD-B11C-42C6-877C-1040708E857C}.Release|x64.Build.0 = Release|Any CPU
		{D03C46FD-B11C-42C6-877C-1040708E857C}.Release|x86.ActiveCfg = Release|Any CPU
		{D03C46FD-B11C-42C6-877C-1040708E857C}.Release|x86.Build.0 = Release|Any CPU
		{DE07D0E0-7B62-458C-9A53-C8A680EA0D94}.Debug|Any CPU.ActiveCfg = Debug|Any CPU
		{DE07D0E0-7B62-458C-9A53-C8A680EA0D94}.Debug|Any CPU.Build.0 = Debug|Any CPU
		{DE07D0E0-7B62-458C-9A53-C8A680EA0D94}.Debug|x64.ActiveCfg = Debug|Any CPU
		{DE07D0E0-7B62-458C-9A53-C8A680EA0D94}.Debug|x64.Build.0 = Debug|Any CPU
		{DE07D0E0-7B62-458C-9A53-C8A680EA0D94}.Debug|x86.ActiveCfg = Debug|Any CPU
		{DE07D0E0-7B62-458C-9A53-C8A680EA0D94}.Debug|x86.Build.0 = Debug|Any CPU
		{DE07D0E0-7B62-458C-9A53-C8A680EA0D94}.Release|Any CPU.ActiveCfg = Release|Any CPU
		{DE07D0E0-7B62-458C-9A53-C8A680EA0D94}.Release|Any CPU.Build.0 = Release|Any CPU
		{DE07D0E0-7B62-458C-9A53-C8A680EA0D94}.Release|x64.ActiveCfg = Release|Any CPU
		{DE07D0E0-7B62-458C-9A53-C8A680EA0D94}.Release|x64.Build.0 = Release|Any CPU
		{DE07D0E0-7B62-458C-9A53-C8A680EA0D94}.Release|x86.ActiveCfg = Release|Any CPU
		{DE07D0E0-7B62-458C-9A53-C8A680EA0D94}.Release|x86.Build.0 = Release|Any CPU
		{EBB831E6-33CD-4E39-AAEA-7377F6E8CE1A}.Debug|Any CPU.ActiveCfg = Debug|Any CPU
		{EBB831E6-33CD-4E39-AAEA-7377F6E8CE1A}.Debug|Any CPU.Build.0 = Debug|Any CPU
		{EBB831E6-33CD-4E39-AAEA-7377F6E8CE1A}.Debug|x64.ActiveCfg = Debug|Any CPU
		{EBB831E6-33CD-4E39-AAEA-7377F6E8CE1A}.Debug|x64.Build.0 = Debug|Any CPU
		{EBB831E6-33CD-4E39-AAEA-7377F6E8CE1A}.Debug|x86.ActiveCfg = Debug|Any CPU
		{EBB831E6-33CD-4E39-AAEA-7377F6E8CE1A}.Debug|x86.Build.0 = Debug|Any CPU
		{EBB831E6-33CD-4E39-AAEA-7377F6E8CE1A}.Release|Any CPU.ActiveCfg = Release|Any CPU
		{EBB831E6-33CD-4E39-AAEA-7377F6E8CE1A}.Release|Any CPU.Build.0 = Release|Any CPU
		{EBB831E6-33CD-4E39-AAEA-7377F6E8CE1A}.Release|x64.ActiveCfg = Release|Any CPU
		{EBB831E6-33CD-4E39-AAEA-7377F6E8CE1A}.Release|x64.Build.0 = Release|Any CPU
		{EBB831E6-33CD-4E39-AAEA-7377F6E8CE1A}.Release|x86.ActiveCfg = Release|Any CPU
		{EBB831E6-33CD-4E39-AAEA-7377F6E8CE1A}.Release|x86.Build.0 = Release|Any CPU
		{10AACEAA-2431-4C2A-9DF4-20F9A8B3AB13}.Debug|Any CPU.ActiveCfg = Debug|Any CPU
		{10AACEAA-2431-4C2A-9DF4-20F9A8B3AB13}.Debug|Any CPU.Build.0 = Debug|Any CPU
		{10AACEAA-2431-4C2A-9DF4-20F9A8B3AB13}.Debug|x64.ActiveCfg = Debug|Any CPU
		{10AACEAA-2431-4C2A-9DF4-20F9A8B3AB13}.Debug|x64.Build.0 = Debug|Any CPU
		{10AACEAA-2431-4C2A-9DF4-20F9A8B3AB13}.Debug|x86.ActiveCfg = Debug|Any CPU
		{10AACEAA-2431-4C2A-9DF4-20F9A8B3AB13}.Debug|x86.Build.0 = Debug|Any CPU
		{10AACEAA-2431-4C2A-9DF4-20F9A8B3AB13}.Release|Any CPU.ActiveCfg = Release|Any CPU
		{10AACEAA-2431-4C2A-9DF4-20F9A8B3AB13}.Release|Any CPU.Build.0 = Release|Any CPU
		{10AACEAA-2431-4C2A-9DF4-20F9A8B3AB13}.Release|x64.ActiveCfg = Release|Any CPU
		{10AACEAA-2431-4C2A-9DF4-20F9A8B3AB13}.Release|x64.Build.0 = Release|Any CPU
		{10AACEAA-2431-4C2A-9DF4-20F9A8B3AB13}.Release|x86.ActiveCfg = Release|Any CPU
		{10AACEAA-2431-4C2A-9DF4-20F9A8B3AB13}.Release|x86.Build.0 = Release|Any CPU
		{1694BD8E-CB25-47B8-9DDE-E19B3219F51A}.Debug|Any CPU.ActiveCfg = Debug|Any CPU
		{1694BD8E-CB25-47B8-9DDE-E19B3219F51A}.Debug|Any CPU.Build.0 = Debug|Any CPU
		{1694BD8E-CB25-47B8-9DDE-E19B3219F51A}.Debug|x64.ActiveCfg = Debug|Any CPU
		{1694BD8E-CB25-47B8-9DDE-E19B3219F51A}.Debug|x64.Build.0 = Debug|Any CPU
		{1694BD8E-CB25-47B8-9DDE-E19B3219F51A}.Debug|x86.ActiveCfg = Debug|Any CPU
		{1694BD8E-CB25-47B8-9DDE-E19B3219F51A}.Debug|x86.Build.0 = Debug|Any CPU
		{1694BD8E-CB25-47B8-9DDE-E19B3219F51A}.Release|Any CPU.ActiveCfg = Release|Any CPU
		{1694BD8E-CB25-47B8-9DDE-E19B3219F51A}.Release|Any CPU.Build.0 = Release|Any CPU
		{1694BD8E-CB25-47B8-9DDE-E19B3219F51A}.Release|x64.ActiveCfg = Release|Any CPU
		{1694BD8E-CB25-47B8-9DDE-E19B3219F51A}.Release|x64.Build.0 = Release|Any CPU
		{1694BD8E-CB25-47B8-9DDE-E19B3219F51A}.Release|x86.ActiveCfg = Release|Any CPU
		{1694BD8E-CB25-47B8-9DDE-E19B3219F51A}.Release|x86.Build.0 = Release|Any CPU
		{3A42F749-A67E-47D3-98F9-DD6DF9995C7B}.Debug|Any CPU.ActiveCfg = Debug|Any CPU
		{3A42F749-A67E-47D3-98F9-DD6DF9995C7B}.Debug|Any CPU.Build.0 = Debug|Any CPU
		{3A42F749-A67E-47D3-98F9-DD6DF9995C7B}.Debug|x64.ActiveCfg = Debug|Any CPU
		{3A42F749-A67E-47D3-98F9-DD6DF9995C7B}.Debug|x64.Build.0 = Debug|Any CPU
		{3A42F749-A67E-47D3-98F9-DD6DF9995C7B}.Debug|x86.ActiveCfg = Debug|Any CPU
		{3A42F749-A67E-47D3-98F9-DD6DF9995C7B}.Debug|x86.Build.0 = Debug|Any CPU
		{3A42F749-A67E-47D3-98F9-DD6DF9995C7B}.Release|Any CPU.ActiveCfg = Release|Any CPU
		{3A42F749-A67E-47D3-98F9-DD6DF9995C7B}.Release|Any CPU.Build.0 = Release|Any CPU
		{3A42F749-A67E-47D3-98F9-DD6DF9995C7B}.Release|x64.ActiveCfg = Release|Any CPU
		{3A42F749-A67E-47D3-98F9-DD6DF9995C7B}.Release|x64.Build.0 = Release|Any CPU
		{3A42F749-A67E-47D3-98F9-DD6DF9995C7B}.Release|x86.ActiveCfg = Release|Any CPU
		{3A42F749-A67E-47D3-98F9-DD6DF9995C7B}.Release|x86.Build.0 = Release|Any CPU
		{30FC8043-E779-4348-A522-6854F5558873}.Debug|Any CPU.ActiveCfg = Debug|Any CPU
		{30FC8043-E779-4348-A522-6854F5558873}.Debug|Any CPU.Build.0 = Debug|Any CPU
		{30FC8043-E779-4348-A522-6854F5558873}.Debug|x64.ActiveCfg = Debug|Any CPU
		{30FC8043-E779-4348-A522-6854F5558873}.Debug|x64.Build.0 = Debug|Any CPU
		{30FC8043-E779-4348-A522-6854F5558873}.Debug|x86.ActiveCfg = Debug|Any CPU
		{30FC8043-E779-4348-A522-6854F5558873}.Debug|x86.Build.0 = Debug|Any CPU
		{30FC8043-E779-4348-A522-6854F5558873}.Release|Any CPU.ActiveCfg = Release|Any CPU
		{30FC8043-E779-4348-A522-6854F5558873}.Release|Any CPU.Build.0 = Release|Any CPU
		{30FC8043-E779-4348-A522-6854F5558873}.Release|x64.ActiveCfg = Release|Any CPU
		{30FC8043-E779-4348-A522-6854F5558873}.Release|x64.Build.0 = Release|Any CPU
		{30FC8043-E779-4348-A522-6854F5558873}.Release|x86.ActiveCfg = Release|Any CPU
		{30FC8043-E779-4348-A522-6854F5558873}.Release|x86.Build.0 = Release|Any CPU
		{32EB5A82-CFC0-4B74-94F1-6EA9D56D0178}.Debug|Any CPU.ActiveCfg = Debug|Any CPU
		{32EB5A82-CFC0-4B74-94F1-6EA9D56D0178}.Debug|Any CPU.Build.0 = Debug|Any CPU
		{32EB5A82-CFC0-4B74-94F1-6EA9D56D0178}.Debug|x64.ActiveCfg = Debug|Any CPU
		{32EB5A82-CFC0-4B74-94F1-6EA9D56D0178}.Debug|x64.Build.0 = Debug|Any CPU
		{32EB5A82-CFC0-4B74-94F1-6EA9D56D0178}.Debug|x86.ActiveCfg = Debug|Any CPU
		{32EB5A82-CFC0-4B74-94F1-6EA9D56D0178}.Debug|x86.Build.0 = Debug|Any CPU
		{32EB5A82-CFC0-4B74-94F1-6EA9D56D0178}.Release|Any CPU.ActiveCfg = Release|Any CPU
		{32EB5A82-CFC0-4B74-94F1-6EA9D56D0178}.Release|Any CPU.Build.0 = Release|Any CPU
		{32EB5A82-CFC0-4B74-94F1-6EA9D56D0178}.Release|x64.ActiveCfg = Release|Any CPU
		{32EB5A82-CFC0-4B74-94F1-6EA9D56D0178}.Release|x64.Build.0 = Release|Any CPU
		{32EB5A82-CFC0-4B74-94F1-6EA9D56D0178}.Release|x86.ActiveCfg = Release|Any CPU
		{32EB5A82-CFC0-4B74-94F1-6EA9D56D0178}.Release|x86.Build.0 = Release|Any CPU
		{AA12717C-3CD9-4B4E-9AE6-B0F0D79965D7}.Debug|Any CPU.ActiveCfg = Debug|Any CPU
		{AA12717C-3CD9-4B4E-9AE6-B0F0D79965D7}.Debug|Any CPU.Build.0 = Debug|Any CPU
		{AA12717C-3CD9-4B4E-9AE6-B0F0D79965D7}.Debug|x64.ActiveCfg = Debug|Any CPU
		{AA12717C-3CD9-4B4E-9AE6-B0F0D79965D7}.Debug|x64.Build.0 = Debug|Any CPU
		{AA12717C-3CD9-4B4E-9AE6-B0F0D79965D7}.Debug|x86.ActiveCfg = Debug|Any CPU
		{AA12717C-3CD9-4B4E-9AE6-B0F0D79965D7}.Debug|x86.Build.0 = Debug|Any CPU
		{AA12717C-3CD9-4B4E-9AE6-B0F0D79965D7}.Release|Any CPU.ActiveCfg = Release|Any CPU
		{AA12717C-3CD9-4B4E-9AE6-B0F0D79965D7}.Release|Any CPU.Build.0 = Release|Any CPU
		{AA12717C-3CD9-4B4E-9AE6-B0F0D79965D7}.Release|x64.ActiveCfg = Release|Any CPU
		{AA12717C-3CD9-4B4E-9AE6-B0F0D79965D7}.Release|x64.Build.0 = Release|Any CPU
		{AA12717C-3CD9-4B4E-9AE6-B0F0D79965D7}.Release|x86.ActiveCfg = Release|Any CPU
		{AA12717C-3CD9-4B4E-9AE6-B0F0D79965D7}.Release|x86.Build.0 = Release|Any CPU
		{1BC91205-70C5-4E43-8325-867ABF4E3C4F}.Debug|Any CPU.ActiveCfg = Debug|Any CPU
		{1BC91205-70C5-4E43-8325-867ABF4E3C4F}.Debug|Any CPU.Build.0 = Debug|Any CPU
		{1BC91205-70C5-4E43-8325-867ABF4E3C4F}.Debug|x64.ActiveCfg = Debug|Any CPU
		{1BC91205-70C5-4E43-8325-867ABF4E3C4F}.Debug|x64.Build.0 = Debug|Any CPU
		{1BC91205-70C5-4E43-8325-867ABF4E3C4F}.Debug|x86.ActiveCfg = Debug|Any CPU
		{1BC91205-70C5-4E43-8325-867ABF4E3C4F}.Debug|x86.Build.0 = Debug|Any CPU
		{1BC91205-70C5-4E43-8325-867ABF4E3C4F}.Release|Any CPU.ActiveCfg = Release|Any CPU
		{1BC91205-70C5-4E43-8325-867ABF4E3C4F}.Release|Any CPU.Build.0 = Release|Any CPU
		{1BC91205-70C5-4E43-8325-867ABF4E3C4F}.Release|x64.ActiveCfg = Release|Any CPU
		{1BC91205-70C5-4E43-8325-867ABF4E3C4F}.Release|x64.Build.0 = Release|Any CPU
		{1BC91205-70C5-4E43-8325-867ABF4E3C4F}.Release|x86.ActiveCfg = Release|Any CPU
		{1BC91205-70C5-4E43-8325-867ABF4E3C4F}.Release|x86.Build.0 = Release|Any CPU
		{FF96576A-07EB-49FE-93B1-1519116DBCD5}.Debug|Any CPU.ActiveCfg = Debug|Any CPU
		{FF96576A-07EB-49FE-93B1-1519116DBCD5}.Debug|Any CPU.Build.0 = Debug|Any CPU
		{FF96576A-07EB-49FE-93B1-1519116DBCD5}.Debug|x64.ActiveCfg = Debug|Any CPU
		{FF96576A-07EB-49FE-93B1-1519116DBCD5}.Debug|x64.Build.0 = Debug|Any CPU
		{FF96576A-07EB-49FE-93B1-1519116DBCD5}.Debug|x86.ActiveCfg = Debug|Any CPU
		{FF96576A-07EB-49FE-93B1-1519116DBCD5}.Debug|x86.Build.0 = Debug|Any CPU
		{FF96576A-07EB-49FE-93B1-1519116DBCD5}.Release|Any CPU.ActiveCfg = Release|Any CPU
		{FF96576A-07EB-49FE-93B1-1519116DBCD5}.Release|Any CPU.Build.0 = Release|Any CPU
		{FF96576A-07EB-49FE-93B1-1519116DBCD5}.Release|x64.ActiveCfg = Release|Any CPU
		{FF96576A-07EB-49FE-93B1-1519116DBCD5}.Release|x64.Build.0 = Release|Any CPU
		{FF96576A-07EB-49FE-93B1-1519116DBCD5}.Release|x86.ActiveCfg = Release|Any CPU
		{FF96576A-07EB-49FE-93B1-1519116DBCD5}.Release|x86.Build.0 = Release|Any CPU
		{2221044C-D052-4E5F-934F-B255CD94422D}.Debug|Any CPU.ActiveCfg = Debug|Any CPU
		{2221044C-D052-4E5F-934F-B255CD94422D}.Debug|Any CPU.Build.0 = Debug|Any CPU
		{2221044C-D052-4E5F-934F-B255CD94422D}.Debug|x64.ActiveCfg = Debug|Any CPU
		{2221044C-D052-4E5F-934F-B255CD94422D}.Debug|x64.Build.0 = Debug|Any CPU
		{2221044C-D052-4E5F-934F-B255CD94422D}.Debug|x86.ActiveCfg = Debug|Any CPU
		{2221044C-D052-4E5F-934F-B255CD94422D}.Debug|x86.Build.0 = Debug|Any CPU
		{2221044C-D052-4E5F-934F-B255CD94422D}.Release|Any CPU.ActiveCfg = Release|Any CPU
		{2221044C-D052-4E5F-934F-B255CD94422D}.Release|Any CPU.Build.0 = Release|Any CPU
		{2221044C-D052-4E5F-934F-B255CD94422D}.Release|x64.ActiveCfg = Release|Any CPU
		{2221044C-D052-4E5F-934F-B255CD94422D}.Release|x64.Build.0 = Release|Any CPU
		{2221044C-D052-4E5F-934F-B255CD94422D}.Release|x86.ActiveCfg = Release|Any CPU
		{2221044C-D052-4E5F-934F-B255CD94422D}.Release|x86.Build.0 = Release|Any CPU
		{839D051F-7D6E-4F2E-AB27-D0DC4BCAB5FA}.Debug|Any CPU.ActiveCfg = Debug|Any CPU
		{839D051F-7D6E-4F2E-AB27-D0DC4BCAB5FA}.Debug|Any CPU.Build.0 = Debug|Any CPU
		{839D051F-7D6E-4F2E-AB27-D0DC4BCAB5FA}.Debug|x64.ActiveCfg = Debug|Any CPU
		{839D051F-7D6E-4F2E-AB27-D0DC4BCAB5FA}.Debug|x64.Build.0 = Debug|Any CPU
		{839D051F-7D6E-4F2E-AB27-D0DC4BCAB5FA}.Debug|x86.ActiveCfg = Debug|Any CPU
		{839D051F-7D6E-4F2E-AB27-D0DC4BCAB5FA}.Debug|x86.Build.0 = Debug|Any CPU
		{839D051F-7D6E-4F2E-AB27-D0DC4BCAB5FA}.Release|Any CPU.ActiveCfg = Release|Any CPU
		{839D051F-7D6E-4F2E-AB27-D0DC4BCAB5FA}.Release|Any CPU.Build.0 = Release|Any CPU
		{839D051F-7D6E-4F2E-AB27-D0DC4BCAB5FA}.Release|x64.ActiveCfg = Release|Any CPU
		{839D051F-7D6E-4F2E-AB27-D0DC4BCAB5FA}.Release|x64.Build.0 = Release|Any CPU
		{839D051F-7D6E-4F2E-AB27-D0DC4BCAB5FA}.Release|x86.ActiveCfg = Release|Any CPU
		{839D051F-7D6E-4F2E-AB27-D0DC4BCAB5FA}.Release|x86.Build.0 = Release|Any CPU
	EndGlobalSection
	GlobalSection(SolutionProperties) = preSolution
		HideSolutionNode = FALSE
	EndGlobalSection
	GlobalSection(NestedProjects) = preSolution
		{4A939368-4DCB-2722-D2AD-2E6874654808} = {B36A84DF-456D-A817-6EDD-3EC3E7F6E11F}
		{F9699D62-99F8-437D-9C03-5F4671764856} = {4A939368-4DCB-2722-D2AD-2E6874654808}
		{5D5D058F-60FD-5C65-8321-6DE1A038CDB3} = {4A939368-4DCB-2722-D2AD-2E6874654808}
		{B26AE8AD-5ED9-4824-89E6-947AA8A1D5CB} = {5D5D058F-60FD-5C65-8321-6DE1A038CDB3}
		{0B6D4A6E-741F-4D3D-B9CE-43B78D91DF23} = {5D5D058F-60FD-5C65-8321-6DE1A038CDB3}
		{78B3C50A-77DB-47E4-BD3D-D5793BA55E2E} = {5D5D058F-60FD-5C65-8321-6DE1A038CDB3}
		{790F45F8-A43B-718B-D6EE-53787ECADF6A} = {4A939368-4DCB-2722-D2AD-2E6874654808}
		{92F840BC-F6F4-4702-8023-C9CDCA47DB7C} = {790F45F8-A43B-718B-D6EE-53787ECADF6A}
		{C6B7EFA6-93A0-450E-B5B3-4A82B5EA4731} = {790F45F8-A43B-718B-D6EE-53787ECADF6A}
		{E9CF9E18-DEAD-4825-8043-68BFDDCDFB6D} = {790F45F8-A43B-718B-D6EE-53787ECADF6A}
		{D856872A-F916-9A27-5605-919117669D1D} = {4A939368-4DCB-2722-D2AD-2E6874654808}
		{14C731BD-0348-445E-B6A3-01DE61A52B8D} = {D856872A-F916-9A27-5605-919117669D1D}
		{BA778A96-87D8-4269-B665-9C15CC5E9017} = {D856872A-F916-9A27-5605-919117669D1D}
		{1E74F061-B3A3-4DFF-805D-49482C248454} = {D856872A-F916-9A27-5605-919117669D1D}
		{CD15781E-0749-4935-86C3-452CAB0621A3} = {D856872A-F916-9A27-5605-919117669D1D}
		{0784BE97-E093-4D83-A8A5-9994EEB1E37C} = {D856872A-F916-9A27-5605-919117669D1D}
		{4581926B-4571-491D-843B-48E62705F5F9} = {D856872A-F916-9A27-5605-919117669D1D}
		{9D1ADCC1-0422-42A1-9652-FD9159273593} = {D856872A-F916-9A27-5605-919117669D1D}
		{AF5FE4F4-D62E-7C17-2FB7-C4852F93726B} = {4A939368-4DCB-2722-D2AD-2E6874654808}
		{D93A236E-7612-4FB9-9A07-9D5479FFA9D7} = {AF5FE4F4-D62E-7C17-2FB7-C4852F93726B}
		{318ACA8A-0FDB-4F08-B702-00C1BD54BE05} = {AF5FE4F4-D62E-7C17-2FB7-C4852F93726B}
		{C8D2D40B-1757-4236-B591-3C371F2CB5BA} = {AF5FE4F4-D62E-7C17-2FB7-C4852F93726B}
		{E0218548-20C2-40BD-B756-C259B53D7E1F} = {AF5FE4F4-D62E-7C17-2FB7-C4852F93726B}
		{3F37F89D-49F3-4625-A6C0-7315D7DBDB88} = {AF5FE4F4-D62E-7C17-2FB7-C4852F93726B}
		{EAFB448C-DD57-4156-8213-2E129986B88B} = {AF5FE4F4-D62E-7C17-2FB7-C4852F93726B}
		{77D06742-FB66-B180-877E-055C24BF00C1} = {4A939368-4DCB-2722-D2AD-2E6874654808}
		{21A82AE6-6C07-4A25-BE98-61B8AC3EBC2A} = {77D06742-FB66-B180-877E-055C24BF00C1}
		{2CEECBB5-3920-41F5-8ADC-32ED5F0986FF} = {77D06742-FB66-B180-877E-055C24BF00C1}
		{CBF0ACFA-BF63-4764-85C5-70317128121D} = {77D06742-FB66-B180-877E-055C24BF00C1}
		{1F459F93-9385-4144-829B-184501A24289} = {77D06742-FB66-B180-877E-055C24BF00C1}
		{B2078A6B-D02E-480B-9829-56D7A29AD7C7} = {77D06742-FB66-B180-877E-055C24BF00C1}
		{AD2CE80C-CDA7-40E6-A96B-C47036AC94B3} = {77D06742-FB66-B180-877E-055C24BF00C1}
		{E55ABD09-0A2D-61ED-674E-49467F422D5F} = {4A939368-4DCB-2722-D2AD-2E6874654808}
		{8E8DA9E1-0A50-444A-8DB1-CF4F5C97AB8F} = {E55ABD09-0A2D-61ED-674E-49467F422D5F}
		{F5BB8A5C-2743-4CB2-A292-CD0F6BF5B479} = {E55ABD09-0A2D-61ED-674E-49467F422D5F}
		{ECE0E180-1182-4B16-B55B-2F6D381E4111} = {E55ABD09-0A2D-61ED-674E-49467F422D5F}
		{069F8384-4C65-4533-8F6A-9ECEA6254497} = {E55ABD09-0A2D-61ED-674E-49467F422D5F}
		{F5BF711B-0BF6-4FE7-B82F-340276A2E715} = {E55ABD09-0A2D-61ED-674E-49467F422D5F}
		{FF810C96-267B-4456-904F-ABAC36B21F94} = {E55ABD09-0A2D-61ED-674E-49467F422D5F}
		{BC91DC4C-7B9B-B9EC-EBA5-B32FD88F46AE} = {4A939368-4DCB-2722-D2AD-2E6874654808}
		{886E36BC-74A0-4FCA-B036-1235ECE6B64E} = {BC91DC4C-7B9B-B9EC-EBA5-B32FD88F46AE}
		{457EED8C-051C-4D2E-A654-A00E8DE466E8} = {BC91DC4C-7B9B-B9EC-EBA5-B32FD88F46AE}
		{938FB83E-68CC-46F4-ACF3-5C4DF67F1A60} = {BC91DC4C-7B9B-B9EC-EBA5-B32FD88F46AE}
		{B36AA3D2-D4F8-4F15-ABBA-67CEF459580D} = {BC91DC4C-7B9B-B9EC-EBA5-B32FD88F46AE}
		{00A9E4D3-93A0-4F8C-BFA5-3749C1215AB5} = {BC91DC4C-7B9B-B9EC-EBA5-B32FD88F46AE}
		{1B531C02-7D8E-0816-124D-1F7B88BD3157} = {4A939368-4DCB-2722-D2AD-2E6874654808}
		{0016EA28-30C7-42D8-9D78-12EF997DC11A} = {1B531C02-7D8E-0816-124D-1F7B88BD3157}
		{E6895AD1-BBB2-463B-B458-D3F3F0830578} = {1B531C02-7D8E-0816-124D-1F7B88BD3157}
		{9D072E0E-5F7E-41B8-9922-257AE9BF0513} = {1B531C02-7D8E-0816-124D-1F7B88BD3157}
		{69187979-65E8-4335-A7EF-D2039A656AF5} = {1B531C02-7D8E-0816-124D-1F7B88BD3157}
		{1D66F555-80F6-430F-970C-F71FE7C674AE} = {1B531C02-7D8E-0816-124D-1F7B88BD3157}
		{03F29BC8-0503-445A-BFAB-D30716BC91F6} = {1B531C02-7D8E-0816-124D-1F7B88BD3157}
		{31E6C9ED-B259-828B-EDA3-A49D78EEE8B4} = {4A939368-4DCB-2722-D2AD-2E6874654808}
		{918AEE8F-9E35-42CC-8DA6-066F1AA8F5FC} = {31E6C9ED-B259-828B-EDA3-A49D78EEE8B4}
		{92AAD3C9-E413-44B5-8BAE-DAD785C89A9A} = {31E6C9ED-B259-828B-EDA3-A49D78EEE8B4}
		{93B8FB9D-2AD7-4127-BA20-5790D617F401} = {31E6C9ED-B259-828B-EDA3-A49D78EEE8B4}
		{3704CD99-D9C1-431D-AA37-600735E30EB2} = {31E6C9ED-B259-828B-EDA3-A49D78EEE8B4}
		{D15CD34B-8BE4-4C93-AAD4-BD18DB1D527E} = {31E6C9ED-B259-828B-EDA3-A49D78EEE8B4}
		{2571A5AC-CE61-467D-8CD5-A8DB7611B606} = {31E6C9ED-B259-828B-EDA3-A49D78EEE8B4}
		{C8C2ADD4-A58C-B8B3-CCEE-A2EDBBFB9A33} = {4A939368-4DCB-2722-D2AD-2E6874654808}
		{18BC2ED9-6EF5-41A7-9EE1-6332BC027E4C} = {C8C2ADD4-A58C-B8B3-CCEE-A2EDBBFB9A33}
		{46BDC094-10A4-4A87-80B3-6C6EE7B982E9} = {C8C2ADD4-A58C-B8B3-CCEE-A2EDBBFB9A33}
		{4B0F7B5C-E4FA-42E9-90E5-FD0F056363CD} = {C8C2ADD4-A58C-B8B3-CCEE-A2EDBBFB9A33}
		{A08158EE-FD16-44E7-9161-81545BCDD379} = {C8C2ADD4-A58C-B8B3-CCEE-A2EDBBFB9A33}
		{EA93DF06-E104-4991-BBBD-95EEE33452D5} = {C8C2ADD4-A58C-B8B3-CCEE-A2EDBBFB9A33}
		{F5467530-7D75-447A-9DE6-06A4B0496B89} = {C8C2ADD4-A58C-B8B3-CCEE-A2EDBBFB9A33}
		{36D8C42F-4FBD-FC5E-CC41-32D400E07243} = {4A939368-4DCB-2722-D2AD-2E6874654808}
		{5C6CB717-6E8E-4C17-9C9B-21A1D04EBBF4} = {36D8C42F-4FBD-FC5E-CC41-32D400E07243}
		{D03C46FD-B11C-42C6-877C-1040708E857C} = {36D8C42F-4FBD-FC5E-CC41-32D400E07243}
		{DE07D0E0-7B62-458C-9A53-C8A680EA0D94} = {36D8C42F-4FBD-FC5E-CC41-32D400E07243}
		{EBB831E6-33CD-4E39-AAEA-7377F6E8CE1A} = {36D8C42F-4FBD-FC5E-CC41-32D400E07243}
		{10AACEAA-2431-4C2A-9DF4-20F9A8B3AB13} = {36D8C42F-4FBD-FC5E-CC41-32D400E07243}
		{1694BD8E-CB25-47B8-9DDE-E19B3219F51A} = {36D8C42F-4FBD-FC5E-CC41-32D400E07243}
		{5FB87C89-69A7-7AD2-4675-8C09CA71E9F6} = {4A939368-4DCB-2722-D2AD-2E6874654808}
		{3A42F749-A67E-47D3-98F9-DD6DF9995C7B} = {5FB87C89-69A7-7AD2-4675-8C09CA71E9F6}
		{30FC8043-E779-4348-A522-6854F5558873} = {5FB87C89-69A7-7AD2-4675-8C09CA71E9F6}
		{32EB5A82-CFC0-4B74-94F1-6EA9D56D0178} = {5FB87C89-69A7-7AD2-4675-8C09CA71E9F6}
		{AA12717C-3CD9-4B4E-9AE6-B0F0D79965D7} = {5FB87C89-69A7-7AD2-4675-8C09CA71E9F6}
		{1BC91205-70C5-4E43-8325-867ABF4E3C4F} = {5FB87C89-69A7-7AD2-4675-8C09CA71E9F6}
		{FF96576A-07EB-49FE-93B1-1519116DBCD5} = {5FB87C89-69A7-7AD2-4675-8C09CA71E9F6}
		{D8C81624-966F-D06E-07AA-5A5CEE056E83} = {B36A84DF-456D-A817-6EDD-3EC3E7F6E11F}
		{2221044C-D052-4E5F-934F-B255CD94422D} = {D8C81624-966F-D06E-07AA-5A5CEE056E83}
		{839D051F-7D6E-4F2E-AB27-D0DC4BCAB5FA} = {D8C81624-966F-D06E-07AA-5A5CEE056E83}
	EndGlobalSection
EndGlobal
